PODS:
  - Alamofire (4.4.0)
  - AlamofireImage (3.2.0):
    - Alamofire (~> 4.1)
  - Dip (5.1)
  - Dip-UI (1.1):
    - Dip (~> 5.0)
  - EVReflection (4.16.3):
    - EVReflection/Core (= 4.16.3)
  - EVReflection/Alamofire (4.16.3):
    - Alamofire
    - EVReflection/Core
  - EVReflection/Core (4.16.3)
  - ReactiveCocoa (5.0.3):
    - ReactiveSwift (~> 1.1)
  - ReactiveSwift (1.1.3):
    - Result (~> 3.2)
  - Result (3.2.3)

DEPENDENCIES:
  - Alamofire (~> 4.0)
  - AlamofireImage (~> 3.0)
  - Dip
  - Dip-UI
  - EVReflection
  - EVReflection/Alamofire
  - ReactiveCocoa (~> 5.0.0)
  - ReactiveSwift (~> 1.1)

SPEC CHECKSUMS:
  Alamofire: dc44b1600b800eb63da6a19039a0083d62a6a62d
  AlamofireImage: 157ed682cc81d3b9db4fb90c1f12180ac552d93b
  Dip: f5a7bd4e1a8af48516e4adc0952d6efc29015589
  Dip-UI: 1c64807d98d493281e87651921b80e1c2dce1f2c
  EVReflection: 78a60b3c628a2e765652cdc554a903a3e40b16c8
  ReactiveCocoa: 066a855f613fb72f68258771095805fdb10312d2
  ReactiveSwift: f54ba12c2e799003432930fa55495315ae44f32b
  Result: 128640a6347e8d2ae48b142556739a2d13f90ce6

PODFILE CHECKSUM: 4cb58ef17176fe52e2504c42a4fbc9d459e56453

COCOAPODS: 1.3.0.beta.1
