// !$*UTF8*$!
{
	archiveVersion = 1;
	classes = {
	};
	objectVersion = 46;
	objects = {

/* Begin PBXBuildFile section */
		6EF96CC81F0EDAE800EE6134 /* CalendarStore.swift in Sources */ = {isa = PBXBuildFile; fileRef = 6EF96CC71F0EDAE800EE6134 /* CalendarStore.swift */; };
		6EF96CCA1F0EDAF800EE6134 /* CalendarPermissionsProviding.swift in Sources */ = {isa = PBXBuildFile; fileRef = 6EF96CC91F0EDAF800EE6134 /* CalendarPermissionsProviding.swift */; };
		6EF96CCC1F0EDB0500EE6134 /* CalendarEvent.swift in Sources */ = {isa = PBXBuildFile; fileRef = 6EF96CCB1F0EDB0500EE6134 /* CalendarEvent.swift */; };
		6EF96CCF1F0EDB2000EE6134 /* CalendarTestDoubles.swift in Sources */ = {isa = PBXBuildFile; fileRef = 6EF96CCE1F0EDB2000EE6134 /* CalendarTestDoubles.swift */; };
		6EF96CD11F0EDB4C00EE6134 /* CalendarService.swift in Sources */ = {isa = PBXBuildFile; fileRef = 6EF96CD01F0EDB4C00EE6134 /* CalendarService.swift */; };
		6EF96CD91F0EDCB300EE6134 /* EventKitCalendarPermissionsProviding.swift in Sources */ = {isa = PBXBuildFile; fileRef = 6EF96CD81F0EDCB300EE6134 /* EventKitCalendarPermissionsProviding.swift */; };
		6EF96CDB1F0EE0A100EE6134 /* EventKitCalendarEventTests.swift in Sources */ = {isa = PBXBuildFile; fileRef = 6EF96CDA1F0EE0A100EE6134 /* EventKitCalendarEventTests.swift */; };
		6EF96CDD1F0F544B00EE6134 /* EventKitCalendarEvent.swift in Sources */ = {isa = PBXBuildFile; fileRef = 6EF96CDC1F0F544B00EE6134 /* EventKitCalendarEvent.swift */; };
		78455B3A1F116A7E005BE2D7 /* WhenTheAppLaunches.swift in Sources */ = {isa = PBXBuildFile; fileRef = 78455B391F116A7E005BE2D7 /* WhenTheAppLaunches.swift */; };
		78455B3C1F116E24005BE2D7 /* UserDefaultsTutorialStateProvider.swift in Sources */ = {isa = PBXBuildFile; fileRef = 78455B3B1F116E24005BE2D7 /* UserDefaultsTutorialStateProvider.swift */; };
		78455B3F1F11771F005BE2D7 /* UserDefaultsTutorialStateProvider.swift in Sources */ = {isa = PBXBuildFile; fileRef = 78455B3E1F11771F005BE2D7 /* UserDefaultsTutorialStateProvider.swift */; };
		78455B411F117742005BE2D7 /* UserCompletedTutorialStateProviding.swift in Sources */ = {isa = PBXBuildFile; fileRef = 78455B401F117742005BE2D7 /* UserCompletedTutorialStateProviding.swift */; };
		78455B451F11778D005BE2D7 /* TutorialRouter.swift in Sources */ = {isa = PBXBuildFile; fileRef = 78455B441F11778D005BE2D7 /* TutorialRouter.swift */; };
		78455B471F11779D005BE2D7 /* SplashScreenRouter.swift in Sources */ = {isa = PBXBuildFile; fileRef = 78455B461F11779D005BE2D7 /* SplashScreenRouter.swift */; };
		78455B491F1177AD005BE2D7 /* CapturingTutorialRouter.swift in Sources */ = {isa = PBXBuildFile; fileRef = 78455B481F1177AD005BE2D7 /* CapturingTutorialRouter.swift */; };
		78455B4B1F1177C0005BE2D7 /* CapturingSplashScreenRouter.swift in Sources */ = {isa = PBXBuildFile; fileRef = 78455B4A1F1177C0005BE2D7 /* CapturingSplashScreenRouter.swift */; };
		78455B4D1F1177CF005BE2D7 /* StubFirstTimeLaunchStateProvider.swift in Sources */ = {isa = PBXBuildFile; fileRef = 78455B4C1F1177CF005BE2D7 /* StubFirstTimeLaunchStateProvider.swift */; };
		78455B501F117851005BE2D7 /* BootstrappingPresenter.swift in Sources */ = {isa = PBXBuildFile; fileRef = 78455B4F1F117851005BE2D7 /* BootstrappingPresenter.swift */; };
		78455B521F1179F4005BE2D7 /* StoryboardTutorialRouterTests.swift in Sources */ = {isa = PBXBuildFile; fileRef = 78455B511F1179F4005BE2D7 /* StoryboardTutorialRouterTests.swift */; };
		78455B541F117A35005BE2D7 /* TutorialViewController.swift in Sources */ = {isa = PBXBuildFile; fileRef = 78455B531F117A35005BE2D7 /* TutorialViewController.swift */; };
		78455B561F117B24005BE2D7 /* Tutorial.storyboard in Resources */ = {isa = PBXBuildFile; fileRef = 78455B551F117B24005BE2D7 /* Tutorial.storyboard */; };
		78455B591F117BCF005BE2D7 /* StoryboardTutorialRouter.swift in Sources */ = {isa = PBXBuildFile; fileRef = 78455B581F117BCF005BE2D7 /* StoryboardTutorialRouter.swift */; };
		78455B5B1F117E27005BE2D7 /* TutorialPageViewController.swift in Sources */ = {isa = PBXBuildFile; fileRef = 78455B5A1F117E27005BE2D7 /* TutorialPageViewController.swift */; };
		78455B5D1F1182B7005BE2D7 /* TutorialPageViewControllerTests.swift in Sources */ = {isa = PBXBuildFile; fileRef = 78455B5C1F1182B7005BE2D7 /* TutorialPageViewControllerTests.swift */; };
		78455B5F1F118578005BE2D7 /* TutorialPageInfo.swift in Sources */ = {isa = PBXBuildFile; fileRef = 78455B5E1F118578005BE2D7 /* TutorialPageInfo.swift */; };
		78455B621F118699005BE2D7 /* RoundedCornerButton.swift in Sources */ = {isa = PBXBuildFile; fileRef = 78455B611F118699005BE2D7 /* RoundedCornerButton.swift */; };
		78455B641F118D11005BE2D7 /* TutorialAction.swift in Sources */ = {isa = PBXBuildFile; fileRef = 78455B631F118D11005BE2D7 /* TutorialAction.swift */; };
		78567B3D1F100BAF00EBA31D /* DataStoreRefreshController.swift in Sources */ = {isa = PBXBuildFile; fileRef = 78567B3C1F100BAF00EBA31D /* DataStoreRefreshController.swift */; };
		78567B3F1F1016B000EBA31D /* TabViewController.swift in Sources */ = {isa = PBXBuildFile; fileRef = 78567B3E1F1016B000EBA31D /* TabViewController.swift */; };
		78567B411F10212100EBA31D /* ProgressViewRefreshDelegate.swift in Sources */ = {isa = PBXBuildFile; fileRef = 78567B401F10212100EBA31D /* ProgressViewRefreshDelegate.swift */; };
		78567B431F10303600EBA31D /* ApplicationActivityIndicatorRefreshDelegate.swift in Sources */ = {isa = PBXBuildFile; fileRef = 78567B421F10303600EBA31D /* ApplicationActivityIndicatorRefreshDelegate.swift */; };
		78567B451F103C3800EBA31D /* RefreshControlDataStoreDelegate.swift in Sources */ = {isa = PBXBuildFile; fileRef = 78567B441F103C3800EBA31D /* RefreshControlDataStoreDelegate.swift */; };
		78567B471F10D1C400EBA31D /* DataStoreLoadController.swift in Sources */ = {isa = PBXBuildFile; fileRef = 78567B461F10D1C400EBA31D /* DataStoreLoadController.swift */; };
		78C86D4C1F119B2F003A20E6 /* StoryboardSplashScreenRouterTests.swift in Sources */ = {isa = PBXBuildFile; fileRef = 78C86D4B1F119B2F003A20E6 /* StoryboardSplashScreenRouterTests.swift */; };
		78C86D4E1F119B68003A20E6 /* StoryboardSplashScreenRouter.swift in Sources */ = {isa = PBXBuildFile; fileRef = 78C86D4D1F119B68003A20E6 /* StoryboardSplashScreenRouter.swift */; };
		78C86D501F119F2A003A20E6 /* TutorialBlockActionTests.swift in Sources */ = {isa = PBXBuildFile; fileRef = 78C86D4F1F119F2A003A20E6 /* TutorialBlockActionTests.swift */; };
		78C86D521F11A065003A20E6 /* TutorialBlockAction.swift in Sources */ = {isa = PBXBuildFile; fileRef = 78C86D511F11A065003A20E6 /* TutorialBlockAction.swift */; };
		78C86D541F1228B0003A20E6 /* TutorialViewControllerTests.swift in Sources */ = {isa = PBXBuildFile; fileRef = 78C86D531F1228B0003A20E6 /* TutorialViewControllerTests.swift */; };
		78C86D561F12334D003A20E6 /* Routers.swift in Sources */ = {isa = PBXBuildFile; fileRef = 78C86D551F12334D003A20E6 /* Routers.swift */; };
		78C86D581F12338D003A20E6 /* StoryboardRouters.swift in Sources */ = {isa = PBXBuildFile; fileRef = 78C86D571F12338D003A20E6 /* StoryboardRouters.swift */; };
		78C86D5A1F1234F0003A20E6 /* StubRouters.swift in Sources */ = {isa = PBXBuildFile; fileRef = 78C86D591F1234F0003A20E6 /* StubRouters.swift */; };
		78C86D5D1F123686003A20E6 /* WhenTheTutorialAppears.swift in Sources */ = {isa = PBXBuildFile; fileRef = 78C86D5C1F123686003A20E6 /* WhenTheTutorialAppears.swift */; };
		78C86D601F123859003A20E6 /* CapturingTutorialScene.swift in Sources */ = {isa = PBXBuildFile; fileRef = 78C86D5F1F123859003A20E6 /* CapturingTutorialScene.swift */; };
		78C86D631F12389E003A20E6 /* TutorialScene.swift in Sources */ = {isa = PBXBuildFile; fileRef = 78C86D621F12389E003A20E6 /* TutorialScene.swift */; };
		78CA0D061F0D0CE7006DFD64 /* ApplicationInfoPropertyListShould.swift in Sources */ = {isa = PBXBuildFile; fileRef = 78CA0D051F0D0CE7006DFD64 /* ApplicationInfoPropertyListShould.swift */; };
		78CA0D0D1F0D8261006DFD64 /* CalendarServiceTests.swift in Sources */ = {isa = PBXBuildFile; fileRef = 78CA0D0C1F0D8261006DFD64 /* CalendarServiceTests.swift */; };
		78CA0D0F1F0E57D5006DFD64 /* GoogleService-Info.plist in Resources */ = {isa = PBXBuildFile; fileRef = 78CA0D0E1F0E57D5006DFD64 /* GoogleService-Info.plist */; };
		78F555991F10D5A800BDA7D4 /* ReplaceViewControllersSegue.swift in Sources */ = {isa = PBXBuildFile; fileRef = 78F555981F10D5A800BDA7D4 /* ReplaceViewControllersSegue.swift */; };
		78F5559B1F10D65900BDA7D4 /* SplashViewController.swift in Sources */ = {isa = PBXBuildFile; fileRef = 78F5559A1F10D65900BDA7D4 /* SplashViewController.swift */; };
		9A0525411ECA2AF500578798 /* Sync.swift in Sources */ = {isa = PBXBuildFile; fileRef = 9A0525401ECA2AF500578798 /* Sync.swift */; };
		9A0525431ECA2C5A00578798 /* SyncEntityDelta.swift in Sources */ = {isa = PBXBuildFile; fileRef = 9A0525421ECA2C5A00578798 /* SyncEntityDelta.swift */; };
		9A0525451ECB090700578798 /* WebApiConnection.swift in Sources */ = {isa = PBXBuildFile; fileRef = 9A0525441ECB090700578798 /* WebApiConnection.swift */; };
		9A0525471ECB091900578798 /* MockApiConnection.swift in Sources */ = {isa = PBXBuildFile; fileRef = 9A0525461ECB091900578798 /* MockApiConnection.swift */; };
		9A05254B1ECB097500578798 /* ApiConnectionProtocol.swift in Sources */ = {isa = PBXBuildFile; fileRef = 9A0525481ECB097500578798 /* ApiConnectionProtocol.swift */; };
		9A05254C1ECB097500578798 /* DataStoreProtocol.swift in Sources */ = {isa = PBXBuildFile; fileRef = 9A0525491ECB097500578798 /* DataStoreProtocol.swift */; };
		9A05254D1ECB097500578798 /* DataContextProtocol.swift in Sources */ = {isa = PBXBuildFile; fileRef = 9A05254A1ECB097500578798 /* DataContextProtocol.swift */; };
		9A34B9781ECF6E3B004A249E /* Iso8601DateFormatter.swift in Sources */ = {isa = PBXBuildFile; fileRef = 9A34B9771ECF6E3B004A249E /* Iso8601DateFormatter.swift */; };
		9A34B97A1ECF87B2004A249E /* ContextManager.swift in Sources */ = {isa = PBXBuildFile; fileRef = 9A34B9791ECF87B1004A249E /* ContextManager.swift */; };
		9A34B97F1ED06946004A249E /* ContextResolver.swift in Sources */ = {isa = PBXBuildFile; fileRef = 9A34B97E1ED06946004A249E /* ContextResolver.swift */; };
		9A34B9811ED06956004A249E /* ViewModelResolver.swift in Sources */ = {isa = PBXBuildFile; fileRef = 9A34B9801ED06956004A249E /* ViewModelResolver.swift */; };
		9A34B9851ED089BB004A249E /* NavigationResolverProtocol.swift in Sources */ = {isa = PBXBuildFile; fileRef = 9A34B9841ED089BB004A249E /* NavigationResolverProtocol.swift */; };
		9A34B9871ED08C7E004A249E /* JsonDataStore.swift in Sources */ = {isa = PBXBuildFile; fileRef = 9A34B9861ED08C7E004A249E /* JsonDataStore.swift */; };
		9A34B9891ED35FE0004A249E /* ReactiveDataContext.swift in Sources */ = {isa = PBXBuildFile; fileRef = 9A34B9881ED35FE0004A249E /* ReactiveDataContext.swift */; };
		9A7FFD531EF97CD4007ABA36 /* UserSettings.swift in Sources */ = {isa = PBXBuildFile; fileRef = 9A7FFD521EF97CD4007ABA36 /* UserSettings.swift */; };
		9A7FFD551EFC5A9E007ABA36 /* MapViewController.swift in Sources */ = {isa = PBXBuildFile; fileRef = 9A7FFD541EFC5A9E007ABA36 /* MapViewController.swift */; };
		9A7FFD571EFC5B46007ABA36 /* CalendarAccess.swift in Sources */ = {isa = PBXBuildFile; fileRef = 9A7FFD561EFC5B46007ABA36 /* CalendarAccess.swift */; };
		9A8477981ED99EDE00F0DF3F /* NavigationResolver.swift in Sources */ = {isa = PBXBuildFile; fileRef = 9A8477971ED99EDE00F0DF3F /* NavigationResolver.swift */; };
		9AB64BC91EFE6592004E8D91 /* EventsViewModel.swift in Sources */ = {isa = PBXBuildFile; fileRef = 9AB64BC81EFE6592004E8D91 /* EventsViewModel.swift */; };
		9AB64BCB1F018135004E8D91 /* KnowledgeGroupCell.swift in Sources */ = {isa = PBXBuildFile; fileRef = 9AB64BCA1F018135004E8D91 /* KnowledgeGroupCell.swift */; };
		9AB64BCD1F018365004E8D91 /* KnowledgeEntryCell.swift in Sources */ = {isa = PBXBuildFile; fileRef = 9AB64BCC1F018365004E8D91 /* KnowledgeEntryCell.swift */; };
		9AB64BCF1F0272A5004E8D91 /* fontawesome-webfont.ttf in Resources */ = {isa = PBXBuildFile; fileRef = 9AB64BCE1F02665D004E8D91 /* fontawesome-webfont.ttf */; };
		9AB83B0C1F0EB47A001823B1 /* MapViewModel.swift in Sources */ = {isa = PBXBuildFile; fileRef = 9AB83B0B1F0EB47A001823B1 /* MapViewModel.swift */; };
		9ACF99381EBE172D006FC958 /* AppDelegate.swift in Sources */ = {isa = PBXBuildFile; fileRef = 9ACF99371EBE172D006FC958 /* AppDelegate.swift */; };
		9ACF993F1EBE172D006FC958 /* Assets.xcassets in Resources */ = {isa = PBXBuildFile; fileRef = 9ACF993E1EBE172D006FC958 /* Assets.xcassets */; };
		9ACF99421EBE172D006FC958 /* LaunchScreen.storyboard in Resources */ = {isa = PBXBuildFile; fileRef = 9ACF99401EBE172D006FC958 /* LaunchScreen.storyboard */; };
		9ACF99681EBE3479006FC958 /* EntityBase.swift in Sources */ = {isa = PBXBuildFile; fileRef = 9ACF995C1EBE3479006FC958 /* EntityBase.swift */; };
		9ACF99761EBE3B4C006FC958 /* SharedFunctions.swift in Sources */ = {isa = PBXBuildFile; fileRef = 9ACF99751EBE3B4C006FC958 /* SharedFunctions.swift */; };
		9ACF998D1EC858B2006FC958 /* KnowledgeGroup.swift in Sources */ = {isa = PBXBuildFile; fileRef = 9ACF99811EC858B2006FC958 /* KnowledgeGroup.swift */; };
		9ACF998E1EC858B2006FC958 /* Event.swift in Sources */ = {isa = PBXBuildFile; fileRef = 9ACF99821EC858B2006FC958 /* Event.swift */; };
		9ACF998F1EC858B2006FC958 /* Announcement.swift in Sources */ = {isa = PBXBuildFile; fileRef = 9ACF99831EC858B2006FC958 /* Announcement.swift */; };
		9ACF99901EC858B2006FC958 /* KnowledgeEntry.swift in Sources */ = {isa = PBXBuildFile; fileRef = 9ACF99841EC858B2006FC958 /* KnowledgeEntry.swift */; };
		9ACF99911EC858B2006FC958 /* Image.swift in Sources */ = {isa = PBXBuildFile; fileRef = 9ACF99851EC858B2006FC958 /* Image.swift */; };
		9ACF99921EC858B2006FC958 /* EventConferenceDay.swift in Sources */ = {isa = PBXBuildFile; fileRef = 9ACF99861EC858B2006FC958 /* EventConferenceDay.swift */; };
		9ACF99931EC858B2006FC958 /* Dealer.swift in Sources */ = {isa = PBXBuildFile; fileRef = 9ACF99871EC858B2006FC958 /* Dealer.swift */; };
		9ACF99941EC858B2006FC958 /* LinkFragment.swift in Sources */ = {isa = PBXBuildFile; fileRef = 9ACF99881EC858B2006FC958 /* LinkFragment.swift */; };
		9ACF99951EC858B2006FC958 /* EventConferenceRoom.swift in Sources */ = {isa = PBXBuildFile; fileRef = 9ACF99891EC858B2006FC958 /* EventConferenceRoom.swift */; };
		9ACF99961EC858B2006FC958 /* EventConferenceTrack.swift in Sources */ = {isa = PBXBuildFile; fileRef = 9ACF998A1EC858B2006FC958 /* EventConferenceTrack.swift */; };
		9ACF99971EC858B2006FC958 /* Map.swift in Sources */ = {isa = PBXBuildFile; fileRef = 9ACF998B1EC858B2006FC958 /* Map.swift */; };
		9ACF99981EC858B2006FC958 /* MapEntry.swift in Sources */ = {isa = PBXBuildFile; fileRef = 9ACF998C1EC858B2006FC958 /* MapEntry.swift */; };
		9ACF999D1ECA25E1006FC958 /* Sync.mock.json in Resources */ = {isa = PBXBuildFile; fileRef = 9ACF999C1ECA25E1006FC958 /* Sync.mock.json */; };
		9AF0B4FE1F08459D000AAA0A /* TimeIntervalRow.swift in Sources */ = {isa = PBXBuildFile; fileRef = 9AF0B4FD1F08459D000AAA0A /* TimeIntervalRow.swift */; };
		9AF159ED1EF5BE7F00DB287D /* SimpleEventCell.swift in Sources */ = {isa = PBXBuildFile; fileRef = 9AF159EC1EF5BE7F00DB287D /* SimpleEventCell.swift */; };
		A034379A14212C5E996E6321 /* Pods_Eurofurence.framework in Frameworks */ = {isa = PBXBuildFile; fileRef = A81694C40AA0176899E15028 /* Pods_Eurofurence.framework */; };
		D6F3D01BC5E1E9E409955664 /* NewsHeaderTableViewCell.swift in Sources */ = {isa = PBXBuildFile; fileRef = D6F3D1F6D5BD062AF11A5804 /* NewsHeaderTableViewCell.swift */; };
		D6F3D0434C71907BD410190E /* ImageServiceProtocol.swift in Sources */ = {isa = PBXBuildFile; fileRef = D6F3D64B03CB7EFAF70CC756 /* ImageServiceProtocol.swift */; };
		D6F3D13186949132FE4694AD /* Main.storyboard in Resources */ = {isa = PBXBuildFile; fileRef = D6F3D756F99A68B2DC5B7359 /* Main.storyboard */; };
		D6F3D13A59E359E69EA66D7E /* MenuTableViewCell.swift in Sources */ = {isa = PBXBuildFile; fileRef = D6F3D7AF46BAD0F1F9918A76 /* MenuTableViewCell.swift */; };
		D6F3D204D352FE26C3F90906 /* KnowledgeTableViewController.swift in Sources */ = {isa = PBXBuildFile; fileRef = D6F3DD137095A2765149B6DE /* KnowledgeTableViewController.swift */; };
		D6F3D2440B74E17B9A008DE0 /* NewsViewController.swift in Sources */ = {isa = PBXBuildFile; fileRef = D6F3DF8454D3F83FD7294CD0 /* NewsViewController.swift */; };
		D6F3D275FF81A313B9213277 /* AnnouncementCell.swift in Sources */ = {isa = PBXBuildFile; fileRef = D6F3DEF39B7EA2ED63CA72D7 /* AnnouncementCell.swift */; };
		D6F3D2C86BE68A102D2D6312 /* EventTableViewController.swift in Sources */ = {isa = PBXBuildFile; fileRef = D6F3D831FC85BC47C1D346C1 /* EventTableViewController.swift */; };
		D6F3D339BFBA2C299453B6BA /* SettingsTableViewController.swift in Sources */ = {isa = PBXBuildFile; fileRef = D6F3D3312E7C5B416B722B85 /* SettingsTableViewController.swift */; };
		D6F3D3D11CAB2B06852D0EF9 /* DealerTableViewController.swift in Sources */ = {isa = PBXBuildFile; fileRef = D6F3D4F55CFC5A5BDBB3F1A8 /* DealerTableViewController.swift */; };
		D6F3D40D3515E7ABE9565906 /* AboutViewController.swift in Sources */ = {isa = PBXBuildFile; fileRef = D6F3D0A32DC83843688B347C /* AboutViewController.swift */; };
		D6F3D4C7FF8BB27C46EF4D3D /* ServiceResolver.swift in Sources */ = {isa = PBXBuildFile; fileRef = D6F3DB1B292BBFBF5D69F557 /* ServiceResolver.swift */; };
		D6F3D523BDCDDA3A2A163E55 /* TimeLabelCell.swift in Sources */ = {isa = PBXBuildFile; fileRef = D6F3D694C5DA66BE24929466 /* TimeLabelCell.swift */; };
		D6F3D5CDFE398DB6CDBDBC77 /* AnnouncementsViewModel.swift in Sources */ = {isa = PBXBuildFile; fileRef = D6F3DD1B5AE618FC0076FA4D /* AnnouncementsViewModel.swift */; };
		D6F3D620BA994A6570325C66 /* DealersTableViewCell.swift in Sources */ = {isa = PBXBuildFile; fileRef = D6F3D15DBA1AA6254F83C20A /* DealersTableViewCell.swift */; };
		D6F3D62A784F07D9C7A84DC8 /* KnowledgeEntryViewController.swift in Sources */ = {isa = PBXBuildFile; fileRef = D6F3DB48EF811D49364AFB9D /* KnowledgeEntryViewController.swift */; };
		D6F3D6ADD1B889C901EE841A /* DataStoreResult.swift in Sources */ = {isa = PBXBuildFile; fileRef = D6F3D8101460A96C0D9A7612 /* DataStoreResult.swift */; };
		D6F3D749FF814981E076850E /* ImageService.swift in Sources */ = {isa = PBXBuildFile; fileRef = D6F3D1CE9C98163AA2B6DF7D /* ImageService.swift */; };
		D6F3D7A4B9F91A234AF77285 /* RoutingAppChooser.swift in Sources */ = {isa = PBXBuildFile; fileRef = D6F3D46D42184018C6E237CD /* RoutingAppChooser.swift */; };
		D6F3DAD590C051C8D0060172 /* EventViewController.swift in Sources */ = {isa = PBXBuildFile; fileRef = D6F3DFA70EA419105E0019F3 /* EventViewController.swift */; };
		D6F3DB838A1BDAFC6DAC2F61 /* CountryAlpha3Converter.swift in Sources */ = {isa = PBXBuildFile; fileRef = D6F3D3FF0CFC133874118590 /* CountryAlpha3Converter.swift */; };
		D6F3DBB69290DF1E0448A3CC /* EventCell.swift in Sources */ = {isa = PBXBuildFile; fileRef = D6F3D20D882CACF3DC8F7C8F /* EventCell.swift */; };
		D6F3DD6B0659E1A44E01075B /* CurrentEventsViewModel.swift in Sources */ = {isa = PBXBuildFile; fileRef = D6F3DDB3580D567F21C9B273 /* CurrentEventsViewModel.swift */; };
		D6F3DDCB5EF23B138BD25865 /* EventHeaderCellTableViewCell.swift in Sources */ = {isa = PBXBuildFile; fileRef = D6F3DE9723F934424C183CD4 /* EventHeaderCellTableViewCell.swift */; };
		D6F3DEDDAFE507E873CB3806 /* WikiText.swift in Sources */ = {isa = PBXBuildFile; fileRef = D6F3D49E9A7962D15CE8C3EF /* WikiText.swift */; };
		D6F3DEED2F3250C61DB692D9 /* DealerViewController.swift in Sources */ = {isa = PBXBuildFile; fileRef = D6F3D66312CF86A43D699F2C /* DealerViewController.swift */; };
		D6F3DF2779D7CE09AA5507F9 /* NewsTableViewController.swift in Sources */ = {isa = PBXBuildFile; fileRef = D6F3DF71A249A0F1DE8D51FB /* NewsTableViewController.swift */; };
		D6F3DFB53E62A8C16F211819 /* TimeService.swift in Sources */ = {isa = PBXBuildFile; fileRef = D6F3DC7147FE454A5FAA2EA4 /* TimeService.swift */; };
		DE53838D7196118A73CF0A5B /* Pods_EurofurenceTests.framework in Frameworks */ = {isa = PBXBuildFile; fileRef = A4BE2399E8F0912910303B02 /* Pods_EurofurenceTests.framework */; };
/* End PBXBuildFile section */

/* Begin PBXContainerItemProxy section */
		9ACF99491EBE172D006FC958 /* PBXContainerItemProxy */ = {
			isa = PBXContainerItemProxy;
			containerPortal = 9ACF992C1EBE172D006FC958 /* Project object */;
			proxyType = 1;
			remoteGlobalIDString = 9ACF99331EBE172D006FC958;
			remoteInfo = Eurofurence;
		};
/* End PBXContainerItemProxy section */

/* Begin PBXFileReference section */
		27C948D12455A352D46AF5B6 /* Pods-Eurofurence.release.xcconfig */ = {isa = PBXFileReference; includeInIndex = 1; lastKnownFileType = text.xcconfig; name = "Pods-Eurofurence.release.xcconfig"; path = "Pods/Target Support Files/Pods-Eurofurence/Pods-Eurofurence.release.xcconfig"; sourceTree = "<group>"; };
		513BAD2C582D99F2993B8162 /* Pods-Eurofurence.debug.xcconfig */ = {isa = PBXFileReference; includeInIndex = 1; lastKnownFileType = text.xcconfig; name = "Pods-Eurofurence.debug.xcconfig"; path = "Pods/Target Support Files/Pods-Eurofurence/Pods-Eurofurence.debug.xcconfig"; sourceTree = "<group>"; };
		6EF96CC71F0EDAE800EE6134 /* CalendarStore.swift */ = {isa = PBXFileReference; fileEncoding = 4; lastKnownFileType = sourcecode.swift; name = CalendarStore.swift; path = Calendar/CalendarStore.swift; sourceTree = "<group>"; };
		6EF96CC91F0EDAF800EE6134 /* CalendarPermissionsProviding.swift */ = {isa = PBXFileReference; fileEncoding = 4; lastKnownFileType = sourcecode.swift; name = CalendarPermissionsProviding.swift; path = Calendar/CalendarPermissionsProviding.swift; sourceTree = "<group>"; };
		6EF96CCB1F0EDB0500EE6134 /* CalendarEvent.swift */ = {isa = PBXFileReference; fileEncoding = 4; lastKnownFileType = sourcecode.swift; name = CalendarEvent.swift; path = Calendar/CalendarEvent.swift; sourceTree = "<group>"; };
		6EF96CCE1F0EDB2000EE6134 /* CalendarTestDoubles.swift */ = {isa = PBXFileReference; fileEncoding = 4; lastKnownFileType = sourcecode.swift; name = CalendarTestDoubles.swift; path = "Test Doubles/CalendarTestDoubles.swift"; sourceTree = "<group>"; };
		6EF96CD01F0EDB4C00EE6134 /* CalendarService.swift */ = {isa = PBXFileReference; fileEncoding = 4; lastKnownFileType = sourcecode.swift; name = CalendarService.swift; path = Calendar/CalendarService.swift; sourceTree = "<group>"; };
		6EF96CD81F0EDCB300EE6134 /* EventKitCalendarPermissionsProviding.swift */ = {isa = PBXFileReference; fileEncoding = 4; lastKnownFileType = sourcecode.swift; name = EventKitCalendarPermissionsProviding.swift; path = "Calendar/EventKit Adapters/EventKitCalendarPermissionsProviding.swift"; sourceTree = "<group>"; };
		6EF96CDA1F0EE0A100EE6134 /* EventKitCalendarEventTests.swift */ = {isa = PBXFileReference; fileEncoding = 4; lastKnownFileType = sourcecode.swift; path = EventKitCalendarEventTests.swift; sourceTree = "<group>"; };
		6EF96CDC1F0F544B00EE6134 /* EventKitCalendarEvent.swift */ = {isa = PBXFileReference; fileEncoding = 4; lastKnownFileType = sourcecode.swift; name = EventKitCalendarEvent.swift; path = "Calendar/EventKit Adapters/EventKitCalendarEvent.swift"; sourceTree = "<group>"; };
		78455B391F116A7E005BE2D7 /* WhenTheAppLaunches.swift */ = {isa = PBXFileReference; fileEncoding = 4; lastKnownFileType = sourcecode.swift; name = WhenTheAppLaunches.swift; path = "Presenter Tests/WhenTheAppLaunches.swift"; sourceTree = "<group>"; };
		78455B3B1F116E24005BE2D7 /* UserDefaultsTutorialStateProvider.swift */ = {isa = PBXFileReference; fileEncoding = 4; lastKnownFileType = sourcecode.swift; path = UserDefaultsTutorialStateProvider.swift; sourceTree = "<group>"; };
		78455B3E1F11771F005BE2D7 /* UserDefaultsTutorialStateProvider.swift */ = {isa = PBXFileReference; fileEncoding = 4; lastKnownFileType = sourcecode.swift; name = UserDefaultsTutorialStateProvider.swift; path = Views/Controllers/Tutorial/UserDefaultsTutorialStateProvider.swift; sourceTree = "<group>"; };
		78455B401F117742005BE2D7 /* UserCompletedTutorialStateProviding.swift */ = {isa = PBXFileReference; fileEncoding = 4; lastKnownFileType = sourcecode.swift; name = UserCompletedTutorialStateProviding.swift; path = Views/Controllers/Tutorial/UserCompletedTutorialStateProviding.swift; sourceTree = "<group>"; };
		78455B441F11778D005BE2D7 /* TutorialRouter.swift */ = {isa = PBXFileReference; fileEncoding = 4; lastKnownFileType = sourcecode.swift; name = TutorialRouter.swift; path = Routers/TutorialRouter.swift; sourceTree = "<group>"; };
		78455B461F11779D005BE2D7 /* SplashScreenRouter.swift */ = {isa = PBXFileReference; fileEncoding = 4; lastKnownFileType = sourcecode.swift; name = SplashScreenRouter.swift; path = Routers/SplashScreenRouter.swift; sourceTree = "<group>"; };
		78455B481F1177AD005BE2D7 /* CapturingTutorialRouter.swift */ = {isa = PBXFileReference; fileEncoding = 4; lastKnownFileType = sourcecode.swift; name = CapturingTutorialRouter.swift; path = "Test Doubles/CapturingTutorialRouter.swift"; sourceTree = "<group>"; };
		78455B4A1F1177C0005BE2D7 /* CapturingSplashScreenRouter.swift */ = {isa = PBXFileReference; fileEncoding = 4; lastKnownFileType = sourcecode.swift; name = CapturingSplashScreenRouter.swift; path = "Test Doubles/CapturingSplashScreenRouter.swift"; sourceTree = "<group>"; };
		78455B4C1F1177CF005BE2D7 /* StubFirstTimeLaunchStateProvider.swift */ = {isa = PBXFileReference; fileEncoding = 4; lastKnownFileType = sourcecode.swift; name = StubFirstTimeLaunchStateProvider.swift; path = "Test Doubles/StubFirstTimeLaunchStateProvider.swift"; sourceTree = "<group>"; };
		78455B4F1F117851005BE2D7 /* BootstrappingPresenter.swift */ = {isa = PBXFileReference; fileEncoding = 4; lastKnownFileType = sourcecode.swift; name = BootstrappingPresenter.swift; path = Presenters/BootstrappingPresenter.swift; sourceTree = "<group>"; };
		78455B511F1179F4005BE2D7 /* StoryboardTutorialRouterTests.swift */ = {isa = PBXFileReference; fileEncoding = 4; lastKnownFileType = sourcecode.swift; path = StoryboardTutorialRouterTests.swift; sourceTree = "<group>"; };
		78455B531F117A35005BE2D7 /* TutorialViewController.swift */ = {isa = PBXFileReference; fileEncoding = 4; lastKnownFileType = sourcecode.swift; name = TutorialViewController.swift; path = Views/Controllers/Tutorial/TutorialViewController.swift; sourceTree = "<group>"; };
		78455B551F117B24005BE2D7 /* Tutorial.storyboard */ = {isa = PBXFileReference; fileEncoding = 4; lastKnownFileType = file.storyboard; path = Tutorial.storyboard; sourceTree = "<group>"; };
		78455B581F117BCF005BE2D7 /* StoryboardTutorialRouter.swift */ = {isa = PBXFileReference; fileEncoding = 4; lastKnownFileType = sourcecode.swift; name = StoryboardTutorialRouter.swift; path = Routers/Storyboard/StoryboardTutorialRouter.swift; sourceTree = "<group>"; };
		78455B5A1F117E27005BE2D7 /* TutorialPageViewController.swift */ = {isa = PBXFileReference; fileEncoding = 4; lastKnownFileType = sourcecode.swift; name = TutorialPageViewController.swift; path = Views/Controllers/Tutorial/TutorialPageViewController.swift; sourceTree = "<group>"; };
		78455B5C1F1182B7005BE2D7 /* TutorialPageViewControllerTests.swift */ = {isa = PBXFileReference; fileEncoding = 4; lastKnownFileType = sourcecode.swift; path = TutorialPageViewControllerTests.swift; sourceTree = "<group>"; };
		78455B5E1F118578005BE2D7 /* TutorialPageInfo.swift */ = {isa = PBXFileReference; fileEncoding = 4; lastKnownFileType = sourcecode.swift; name = TutorialPageInfo.swift; path = Views/Controllers/Tutorial/TutorialPageInfo.swift; sourceTree = "<group>"; };
		78455B611F118699005BE2D7 /* RoundedCornerButton.swift */ = {isa = PBXFileReference; fileEncoding = 4; lastKnownFileType = sourcecode.swift; name = RoundedCornerButton.swift; path = Controls/RoundedCornerButton.swift; sourceTree = "<group>"; };
		78455B631F118D11005BE2D7 /* TutorialAction.swift */ = {isa = PBXFileReference; fileEncoding = 4; lastKnownFileType = sourcecode.swift; name = TutorialAction.swift; path = Views/Controllers/Tutorial/TutorialAction.swift; sourceTree = "<group>"; };
		78567B3C1F100BAF00EBA31D /* DataStoreRefreshController.swift */ = {isa = PBXFileReference; fileEncoding = 4; lastKnownFileType = sourcecode.swift; path = DataStoreRefreshController.swift; sourceTree = "<group>"; };
		78567B3E1F1016B000EBA31D /* TabViewController.swift */ = {isa = PBXFileReference; fileEncoding = 4; lastKnownFileType = sourcecode.swift; path = TabViewController.swift; sourceTree = "<group>"; };
		78567B401F10212100EBA31D /* ProgressViewRefreshDelegate.swift */ = {isa = PBXFileReference; fileEncoding = 4; lastKnownFileType = sourcecode.swift; path = ProgressViewRefreshDelegate.swift; sourceTree = "<group>"; };
		78567B421F10303600EBA31D /* ApplicationActivityIndicatorRefreshDelegate.swift */ = {isa = PBXFileReference; fileEncoding = 4; lastKnownFileType = sourcecode.swift; path = ApplicationActivityIndicatorRefreshDelegate.swift; sourceTree = "<group>"; };
		78567B441F103C3800EBA31D /* RefreshControlDataStoreDelegate.swift */ = {isa = PBXFileReference; fileEncoding = 4; lastKnownFileType = sourcecode.swift; path = RefreshControlDataStoreDelegate.swift; sourceTree = "<group>"; };
		78567B461F10D1C400EBA31D /* DataStoreLoadController.swift */ = {isa = PBXFileReference; fileEncoding = 4; lastKnownFileType = sourcecode.swift; path = DataStoreLoadController.swift; sourceTree = "<group>"; };
		78C86D4B1F119B2F003A20E6 /* StoryboardSplashScreenRouterTests.swift */ = {isa = PBXFileReference; fileEncoding = 4; lastKnownFileType = sourcecode.swift; path = StoryboardSplashScreenRouterTests.swift; sourceTree = "<group>"; };
		78C86D4D1F119B68003A20E6 /* StoryboardSplashScreenRouter.swift */ = {isa = PBXFileReference; fileEncoding = 4; lastKnownFileType = sourcecode.swift; name = StoryboardSplashScreenRouter.swift; path = Routers/Storyboard/StoryboardSplashScreenRouter.swift; sourceTree = "<group>"; };
		78C86D4F1F119F2A003A20E6 /* TutorialBlockActionTests.swift */ = {isa = PBXFileReference; fileEncoding = 4; lastKnownFileType = sourcecode.swift; path = TutorialBlockActionTests.swift; sourceTree = "<group>"; };
		78C86D511F11A065003A20E6 /* TutorialBlockAction.swift */ = {isa = PBXFileReference; fileEncoding = 4; lastKnownFileType = sourcecode.swift; name = TutorialBlockAction.swift; path = Views/Controllers/Tutorial/TutorialBlockAction.swift; sourceTree = "<group>"; };
		78C86D531F1228B0003A20E6 /* TutorialViewControllerTests.swift */ = {isa = PBXFileReference; fileEncoding = 4; lastKnownFileType = sourcecode.swift; path = TutorialViewControllerTests.swift; sourceTree = "<group>"; };
		78C86D551F12334D003A20E6 /* Routers.swift */ = {isa = PBXFileReference; fileEncoding = 4; lastKnownFileType = sourcecode.swift; name = Routers.swift; path = Routers/Routers.swift; sourceTree = "<group>"; };
		78C86D571F12338D003A20E6 /* StoryboardRouters.swift */ = {isa = PBXFileReference; fileEncoding = 4; lastKnownFileType = sourcecode.swift; name = StoryboardRouters.swift; path = Routers/Storyboard/StoryboardRouters.swift; sourceTree = "<group>"; };
		78C86D591F1234F0003A20E6 /* StubRouters.swift */ = {isa = PBXFileReference; fileEncoding = 4; lastKnownFileType = sourcecode.swift; name = StubRouters.swift; path = "Test Doubles/StubRouters.swift"; sourceTree = "<group>"; };
		78C86D5C1F123686003A20E6 /* WhenTheTutorialAppears.swift */ = {isa = PBXFileReference; fileEncoding = 4; lastKnownFileType = sourcecode.swift; name = WhenTheTutorialAppears.swift; path = "Presenter Tests/WhenTheTutorialAppears.swift"; sourceTree = "<group>"; };
		78C86D5F1F123859003A20E6 /* CapturingTutorialScene.swift */ = {isa = PBXFileReference; fileEncoding = 4; lastKnownFileType = sourcecode.swift; name = CapturingTutorialScene.swift; path = "Test Doubles/Scenes/CapturingTutorialScene.swift"; sourceTree = "<group>"; };
		78C86D621F12389E003A20E6 /* TutorialScene.swift */ = {isa = PBXFileReference; fileEncoding = 4; lastKnownFileType = sourcecode.swift; name = TutorialScene.swift; path = Presenters/Scenes/TutorialScene.swift; sourceTree = "<group>"; };
		78CA0D051F0D0CE7006DFD64 /* ApplicationInfoPropertyListShould.swift */ = {isa = PBXFileReference; fileEncoding = 4; lastKnownFileType = sourcecode.swift; path = ApplicationInfoPropertyListShould.swift; sourceTree = "<group>"; };
		78CA0D0C1F0D8261006DFD64 /* CalendarServiceTests.swift */ = {isa = PBXFileReference; fileEncoding = 4; lastKnownFileType = sourcecode.swift; path = CalendarServiceTests.swift; sourceTree = "<group>"; };
		78CA0D0E1F0E57D5006DFD64 /* GoogleService-Info.plist */ = {isa = PBXFileReference; fileEncoding = 4; lastKnownFileType = text.plist.xml; path = "GoogleService-Info.plist"; sourceTree = "<group>"; };
		78F555981F10D5A800BDA7D4 /* ReplaceViewControllersSegue.swift */ = {isa = PBXFileReference; fileEncoding = 4; lastKnownFileType = sourcecode.swift; name = ReplaceViewControllersSegue.swift; path = Segues/ReplaceViewControllersSegue.swift; sourceTree = "<group>"; };
		78F5559A1F10D65900BDA7D4 /* SplashViewController.swift */ = {isa = PBXFileReference; fileEncoding = 4; lastKnownFileType = sourcecode.swift; path = SplashViewController.swift; sourceTree = "<group>"; };
		9A0525401ECA2AF500578798 /* Sync.swift */ = {isa = PBXFileReference; fileEncoding = 4; lastKnownFileType = sourcecode.swift; path = Sync.swift; sourceTree = "<group>"; };
		9A0525421ECA2C5A00578798 /* SyncEntityDelta.swift */ = {isa = PBXFileReference; fileEncoding = 4; lastKnownFileType = sourcecode.swift; path = SyncEntityDelta.swift; sourceTree = "<group>"; };
		9A0525441ECB090700578798 /* WebApiConnection.swift */ = {isa = PBXFileReference; fileEncoding = 4; lastKnownFileType = sourcecode.swift; path = WebApiConnection.swift; sourceTree = "<group>"; };
		9A0525461ECB091900578798 /* MockApiConnection.swift */ = {isa = PBXFileReference; fileEncoding = 4; lastKnownFileType = sourcecode.swift; path = MockApiConnection.swift; sourceTree = "<group>"; };
		9A0525481ECB097500578798 /* ApiConnectionProtocol.swift */ = {isa = PBXFileReference; fileEncoding = 4; lastKnownFileType = sourcecode.swift; path = ApiConnectionProtocol.swift; sourceTree = "<group>"; };
		9A0525491ECB097500578798 /* DataStoreProtocol.swift */ = {isa = PBXFileReference; fileEncoding = 4; lastKnownFileType = sourcecode.swift; path = DataStoreProtocol.swift; sourceTree = "<group>"; };
		9A05254A1ECB097500578798 /* DataContextProtocol.swift */ = {isa = PBXFileReference; fileEncoding = 4; lastKnownFileType = sourcecode.swift; path = DataContextProtocol.swift; sourceTree = "<group>"; };
		9A34B9771ECF6E3B004A249E /* Iso8601DateFormatter.swift */ = {isa = PBXFileReference; fileEncoding = 4; lastKnownFileType = sourcecode.swift; path = Iso8601DateFormatter.swift; sourceTree = "<group>"; };
		9A34B9791ECF87B1004A249E /* ContextManager.swift */ = {isa = PBXFileReference; fileEncoding = 4; lastKnownFileType = sourcecode.swift; path = ContextManager.swift; sourceTree = "<group>"; };
		9A34B97E1ED06946004A249E /* ContextResolver.swift */ = {isa = PBXFileReference; fileEncoding = 4; lastKnownFileType = sourcecode.swift; path = ContextResolver.swift; sourceTree = "<group>"; };
		9A34B9801ED06956004A249E /* ViewModelResolver.swift */ = {isa = PBXFileReference; fileEncoding = 4; lastKnownFileType = sourcecode.swift; path = ViewModelResolver.swift; sourceTree = "<group>"; };
		9A34B9841ED089BB004A249E /* NavigationResolverProtocol.swift */ = {isa = PBXFileReference; fileEncoding = 4; lastKnownFileType = sourcecode.swift; path = NavigationResolverProtocol.swift; sourceTree = "<group>"; };
		9A34B9861ED08C7E004A249E /* JsonDataStore.swift */ = {isa = PBXFileReference; fileEncoding = 4; lastKnownFileType = sourcecode.swift; path = JsonDataStore.swift; sourceTree = "<group>"; };
		9A34B9881ED35FE0004A249E /* ReactiveDataContext.swift */ = {isa = PBXFileReference; fileEncoding = 4; lastKnownFileType = sourcecode.swift; path = ReactiveDataContext.swift; sourceTree = "<group>"; };
		9A7FFD521EF97CD4007ABA36 /* UserSettings.swift */ = {isa = PBXFileReference; fileEncoding = 4; lastKnownFileType = sourcecode.swift; path = UserSettings.swift; sourceTree = "<group>"; };
		9A7FFD541EFC5A9E007ABA36 /* MapViewController.swift */ = {isa = PBXFileReference; fileEncoding = 4; lastKnownFileType = sourcecode.swift; path = MapViewController.swift; sourceTree = "<group>"; };
		9A7FFD561EFC5B46007ABA36 /* CalendarAccess.swift */ = {isa = PBXFileReference; fileEncoding = 4; lastKnownFileType = sourcecode.swift; path = CalendarAccess.swift; sourceTree = "<group>"; };
		9A8477971ED99EDE00F0DF3F /* NavigationResolver.swift */ = {isa = PBXFileReference; fileEncoding = 4; lastKnownFileType = sourcecode.swift; path = NavigationResolver.swift; sourceTree = "<group>"; };
		9AB64BC81EFE6592004E8D91 /* EventsViewModel.swift */ = {isa = PBXFileReference; fileEncoding = 4; lastKnownFileType = sourcecode.swift; path = EventsViewModel.swift; sourceTree = "<group>"; };
		9AB64BCA1F018135004E8D91 /* KnowledgeGroupCell.swift */ = {isa = PBXFileReference; fileEncoding = 4; lastKnownFileType = sourcecode.swift; path = KnowledgeGroupCell.swift; sourceTree = "<group>"; };
		9AB64BCC1F018365004E8D91 /* KnowledgeEntryCell.swift */ = {isa = PBXFileReference; fileEncoding = 4; lastKnownFileType = sourcecode.swift; path = KnowledgeEntryCell.swift; sourceTree = "<group>"; };
		9AB64BCE1F02665D004E8D91 /* fontawesome-webfont.ttf */ = {isa = PBXFileReference; lastKnownFileType = file; path = "fontawesome-webfont.ttf"; sourceTree = "<group>"; };
		9AB83B0B1F0EB47A001823B1 /* MapViewModel.swift */ = {isa = PBXFileReference; fileEncoding = 4; lastKnownFileType = sourcecode.swift; path = MapViewModel.swift; sourceTree = "<group>"; };
		9ACF99341EBE172D006FC958 /* Eurofurence.app */ = {isa = PBXFileReference; explicitFileType = wrapper.application; includeInIndex = 0; path = Eurofurence.app; sourceTree = BUILT_PRODUCTS_DIR; };
		9ACF99371EBE172D006FC958 /* AppDelegate.swift */ = {isa = PBXFileReference; lastKnownFileType = sourcecode.swift; name = AppDelegate.swift; path = Eurofurence/AppDelegate.swift; sourceTree = "<group>"; };
		9ACF993E1EBE172D006FC958 /* Assets.xcassets */ = {isa = PBXFileReference; lastKnownFileType = folder.assetcatalog; name = Assets.xcassets; path = Eurofurence/Assets.xcassets; sourceTree = "<group>"; };
		9ACF99411EBE172D006FC958 /* Base */ = {isa = PBXFileReference; lastKnownFileType = file.storyboard; name = Base; path = Base.lproj/LaunchScreen.storyboard; sourceTree = "<group>"; };
		9ACF99431EBE172D006FC958 /* Info.plist */ = {isa = PBXFileReference; lastKnownFileType = text.plist.xml; name = Info.plist; path = Eurofurence/Info.plist; sourceTree = "<group>"; };
		9ACF99481EBE172D006FC958 /* EurofurenceTests.xctest */ = {isa = PBXFileReference; explicitFileType = wrapper.cfbundle; includeInIndex = 0; path = EurofurenceTests.xctest; sourceTree = BUILT_PRODUCTS_DIR; };
		9ACF994E1EBE172D006FC958 /* Info.plist */ = {isa = PBXFileReference; lastKnownFileType = text.plist.xml; path = Info.plist; sourceTree = "<group>"; };
		9ACF995C1EBE3479006FC958 /* EntityBase.swift */ = {isa = PBXFileReference; fileEncoding = 4; lastKnownFileType = sourcecode.swift; path = EntityBase.swift; sourceTree = "<group>"; };
		9ACF99751EBE3B4C006FC958 /* SharedFunctions.swift */ = {isa = PBXFileReference; fileEncoding = 4; lastKnownFileType = sourcecode.swift; name = SharedFunctions.swift; path = Eurofurence/SharedFunctions.swift; sourceTree = "<group>"; };
		9ACF99811EC858B2006FC958 /* KnowledgeGroup.swift */ = {isa = PBXFileReference; fileEncoding = 4; lastKnownFileType = sourcecode.swift; path = KnowledgeGroup.swift; sourceTree = "<group>"; };
		9ACF99821EC858B2006FC958 /* Event.swift */ = {isa = PBXFileReference; fileEncoding = 4; lastKnownFileType = sourcecode.swift; path = Event.swift; sourceTree = "<group>"; };
		9ACF99831EC858B2006FC958 /* Announcement.swift */ = {isa = PBXFileReference; fileEncoding = 4; lastKnownFileType = sourcecode.swift; path = Announcement.swift; sourceTree = "<group>"; };
		9ACF99841EC858B2006FC958 /* KnowledgeEntry.swift */ = {isa = PBXFileReference; fileEncoding = 4; lastKnownFileType = sourcecode.swift; path = KnowledgeEntry.swift; sourceTree = "<group>"; };
		9ACF99851EC858B2006FC958 /* Image.swift */ = {isa = PBXFileReference; fileEncoding = 4; lastKnownFileType = sourcecode.swift; path = Image.swift; sourceTree = "<group>"; };
		9ACF99861EC858B2006FC958 /* EventConferenceDay.swift */ = {isa = PBXFileReference; fileEncoding = 4; lastKnownFileType = sourcecode.swift; path = EventConferenceDay.swift; sourceTree = "<group>"; };
		9ACF99871EC858B2006FC958 /* Dealer.swift */ = {isa = PBXFileReference; fileEncoding = 4; lastKnownFileType = sourcecode.swift; path = Dealer.swift; sourceTree = "<group>"; };
		9ACF99881EC858B2006FC958 /* LinkFragment.swift */ = {isa = PBXFileReference; fileEncoding = 4; lastKnownFileType = sourcecode.swift; path = LinkFragment.swift; sourceTree = "<group>"; };
		9ACF99891EC858B2006FC958 /* EventConferenceRoom.swift */ = {isa = PBXFileReference; fileEncoding = 4; lastKnownFileType = sourcecode.swift; path = EventConferenceRoom.swift; sourceTree = "<group>"; };
		9ACF998A1EC858B2006FC958 /* EventConferenceTrack.swift */ = {isa = PBXFileReference; fileEncoding = 4; lastKnownFileType = sourcecode.swift; path = EventConferenceTrack.swift; sourceTree = "<group>"; };
		9ACF998B1EC858B2006FC958 /* Map.swift */ = {isa = PBXFileReference; fileEncoding = 4; lastKnownFileType = sourcecode.swift; path = Map.swift; sourceTree = "<group>"; };
		9ACF998C1EC858B2006FC958 /* MapEntry.swift */ = {isa = PBXFileReference; fileEncoding = 4; lastKnownFileType = sourcecode.swift; path = MapEntry.swift; sourceTree = "<group>"; };
		9ACF999C1ECA25E1006FC958 /* Sync.mock.json */ = {isa = PBXFileReference; fileEncoding = 4; lastKnownFileType = text.json; path = Sync.mock.json; sourceTree = "<group>"; };
		9AF0B4FD1F08459D000AAA0A /* TimeIntervalRow.swift */ = {isa = PBXFileReference; fileEncoding = 4; lastKnownFileType = sourcecode.swift; path = TimeIntervalRow.swift; sourceTree = "<group>"; };
		9AF159EC1EF5BE7F00DB287D /* SimpleEventCell.swift */ = {isa = PBXFileReference; fileEncoding = 4; lastKnownFileType = sourcecode.swift; path = SimpleEventCell.swift; sourceTree = "<group>"; };
		A4BE2399E8F0912910303B02 /* Pods_EurofurenceTests.framework */ = {isa = PBXFileReference; explicitFileType = wrapper.framework; includeInIndex = 0; path = Pods_EurofurenceTests.framework; sourceTree = BUILT_PRODUCTS_DIR; };
		A5BC6AE61AB3CCDF97473815 /* Pods-EurofurenceTests.release.xcconfig */ = {isa = PBXFileReference; includeInIndex = 1; lastKnownFileType = text.xcconfig; name = "Pods-EurofurenceTests.release.xcconfig"; path = "Pods/Target Support Files/Pods-EurofurenceTests/Pods-EurofurenceTests.release.xcconfig"; sourceTree = "<group>"; };
		A81694C40AA0176899E15028 /* Pods_Eurofurence.framework */ = {isa = PBXFileReference; explicitFileType = wrapper.framework; includeInIndex = 0; path = Pods_Eurofurence.framework; sourceTree = BUILT_PRODUCTS_DIR; };
		B4939A463603D9F022E19825 /* Pods-EurofurenceTests.debug.xcconfig */ = {isa = PBXFileReference; includeInIndex = 1; lastKnownFileType = text.xcconfig; name = "Pods-EurofurenceTests.debug.xcconfig"; path = "Pods/Target Support Files/Pods-EurofurenceTests/Pods-EurofurenceTests.debug.xcconfig"; sourceTree = "<group>"; };
		D6F3D0A32DC83843688B347C /* AboutViewController.swift */ = {isa = PBXFileReference; fileEncoding = 4; lastKnownFileType = sourcecode.swift; path = AboutViewController.swift; sourceTree = "<group>"; };
		D6F3D15DBA1AA6254F83C20A /* DealersTableViewCell.swift */ = {isa = PBXFileReference; fileEncoding = 4; lastKnownFileType = sourcecode.swift; path = DealersTableViewCell.swift; sourceTree = "<group>"; };
		D6F3D1CE9C98163AA2B6DF7D /* ImageService.swift */ = {isa = PBXFileReference; fileEncoding = 4; lastKnownFileType = sourcecode.swift; path = ImageService.swift; sourceTree = "<group>"; };
		D6F3D1F6D5BD062AF11A5804 /* NewsHeaderTableViewCell.swift */ = {isa = PBXFileReference; fileEncoding = 4; lastKnownFileType = sourcecode.swift; path = NewsHeaderTableViewCell.swift; sourceTree = "<group>"; };
		D6F3D20D882CACF3DC8F7C8F /* EventCell.swift */ = {isa = PBXFileReference; fileEncoding = 4; lastKnownFileType = sourcecode.swift; path = EventCell.swift; sourceTree = "<group>"; };
		D6F3D21513FCE6CCDC157C6A /* .travis.yml */ = {isa = PBXFileReference; lastKnownFileType = file.yml; path = .travis.yml; sourceTree = "<group>"; };
		D6F3D3312E7C5B416B722B85 /* SettingsTableViewController.swift */ = {isa = PBXFileReference; fileEncoding = 4; lastKnownFileType = sourcecode.swift; path = SettingsTableViewController.swift; sourceTree = "<group>"; };
		D6F3D3FF0CFC133874118590 /* CountryAlpha3Converter.swift */ = {isa = PBXFileReference; fileEncoding = 4; lastKnownFileType = sourcecode.swift; path = CountryAlpha3Converter.swift; sourceTree = "<group>"; };
		D6F3D46D42184018C6E237CD /* RoutingAppChooser.swift */ = {isa = PBXFileReference; fileEncoding = 4; lastKnownFileType = sourcecode.swift; path = RoutingAppChooser.swift; sourceTree = "<group>"; };
		D6F3D49E9A7962D15CE8C3EF /* WikiText.swift */ = {isa = PBXFileReference; fileEncoding = 4; lastKnownFileType = sourcecode.swift; path = WikiText.swift; sourceTree = "<group>"; };
		D6F3D4F55CFC5A5BDBB3F1A8 /* DealerTableViewController.swift */ = {isa = PBXFileReference; fileEncoding = 4; lastKnownFileType = sourcecode.swift; path = DealerTableViewController.swift; sourceTree = "<group>"; };
		D6F3D64B03CB7EFAF70CC756 /* ImageServiceProtocol.swift */ = {isa = PBXFileReference; fileEncoding = 4; lastKnownFileType = sourcecode.swift; path = ImageServiceProtocol.swift; sourceTree = "<group>"; };
		D6F3D66312CF86A43D699F2C /* DealerViewController.swift */ = {isa = PBXFileReference; fileEncoding = 4; lastKnownFileType = sourcecode.swift; path = DealerViewController.swift; sourceTree = "<group>"; };
		D6F3D694C5DA66BE24929466 /* TimeLabelCell.swift */ = {isa = PBXFileReference; fileEncoding = 4; lastKnownFileType = sourcecode.swift; path = TimeLabelCell.swift; sourceTree = "<group>"; };
		D6F3D756F99A68B2DC5B7359 /* Main.storyboard */ = {isa = PBXFileReference; lastKnownFileType = file.storyboard; path = Main.storyboard; sourceTree = "<group>"; };
		D6F3D7AF46BAD0F1F9918A76 /* MenuTableViewCell.swift */ = {isa = PBXFileReference; fileEncoding = 4; lastKnownFileType = sourcecode.swift; path = MenuTableViewCell.swift; sourceTree = "<group>"; };
		D6F3D8101460A96C0D9A7612 /* DataStoreResult.swift */ = {isa = PBXFileReference; fileEncoding = 4; lastKnownFileType = sourcecode.swift; path = DataStoreResult.swift; sourceTree = "<group>"; };
		D6F3D831FC85BC47C1D346C1 /* EventTableViewController.swift */ = {isa = PBXFileReference; fileEncoding = 4; lastKnownFileType = sourcecode.swift; path = EventTableViewController.swift; sourceTree = "<group>"; };
		D6F3DB1B292BBFBF5D69F557 /* ServiceResolver.swift */ = {isa = PBXFileReference; fileEncoding = 4; lastKnownFileType = sourcecode.swift; path = ServiceResolver.swift; sourceTree = "<group>"; };
		D6F3DB48EF811D49364AFB9D /* KnowledgeEntryViewController.swift */ = {isa = PBXFileReference; fileEncoding = 4; lastKnownFileType = sourcecode.swift; path = KnowledgeEntryViewController.swift; sourceTree = "<group>"; };
		D6F3DC7147FE454A5FAA2EA4 /* TimeService.swift */ = {isa = PBXFileReference; fileEncoding = 4; lastKnownFileType = sourcecode.swift; path = TimeService.swift; sourceTree = "<group>"; };
		D6F3DD137095A2765149B6DE /* KnowledgeTableViewController.swift */ = {isa = PBXFileReference; fileEncoding = 4; lastKnownFileType = sourcecode.swift; path = KnowledgeTableViewController.swift; sourceTree = "<group>"; };
		D6F3DD1B5AE618FC0076FA4D /* AnnouncementsViewModel.swift */ = {isa = PBXFileReference; fileEncoding = 4; lastKnownFileType = sourcecode.swift; path = AnnouncementsViewModel.swift; sourceTree = "<group>"; };
		D6F3DDB3580D567F21C9B273 /* CurrentEventsViewModel.swift */ = {isa = PBXFileReference; fileEncoding = 4; lastKnownFileType = sourcecode.swift; path = CurrentEventsViewModel.swift; sourceTree = "<group>"; };
		D6F3DE9723F934424C183CD4 /* EventHeaderCellTableViewCell.swift */ = {isa = PBXFileReference; fileEncoding = 4; lastKnownFileType = sourcecode.swift; path = EventHeaderCellTableViewCell.swift; sourceTree = "<group>"; };
		D6F3DEF39B7EA2ED63CA72D7 /* AnnouncementCell.swift */ = {isa = PBXFileReference; fileEncoding = 4; lastKnownFileType = sourcecode.swift; path = AnnouncementCell.swift; sourceTree = "<group>"; };
		D6F3DF71A249A0F1DE8D51FB /* NewsTableViewController.swift */ = {isa = PBXFileReference; fileEncoding = 4; lastKnownFileType = sourcecode.swift; path = NewsTableViewController.swift; sourceTree = "<group>"; };
		D6F3DF8454D3F83FD7294CD0 /* NewsViewController.swift */ = {isa = PBXFileReference; fileEncoding = 4; lastKnownFileType = sourcecode.swift; path = NewsViewController.swift; sourceTree = "<group>"; };
		D6F3DFA70EA419105E0019F3 /* EventViewController.swift */ = {isa = PBXFileReference; fileEncoding = 4; lastKnownFileType = sourcecode.swift; path = EventViewController.swift; sourceTree = "<group>"; };
/* End PBXFileReference section */

/* Begin PBXFrameworksBuildPhase section */
		9ACF99311EBE172D006FC958 /* Frameworks */ = {
			isa = PBXFrameworksBuildPhase;
			buildActionMask = 2147483647;
			files = (
				A034379A14212C5E996E6321 /* Pods_Eurofurence.framework in Frameworks */,
			);
			runOnlyForDeploymentPostprocessing = 0;
		};
		9ACF99451EBE172D006FC958 /* Frameworks */ = {
			isa = PBXFrameworksBuildPhase;
			buildActionMask = 2147483647;
			files = (
				DE53838D7196118A73CF0A5B /* Pods_EurofurenceTests.framework in Frameworks */,
			);
			runOnlyForDeploymentPostprocessing = 0;
		};
/* End PBXFrameworksBuildPhase section */

/* Begin PBXGroup section */
		164F3A1C0E53F6ADD4C20674 /* Frameworks */ = {
			isa = PBXGroup;
			children = (
				A81694C40AA0176899E15028 /* Pods_Eurofurence.framework */,
				A4BE2399E8F0912910303B02 /* Pods_EurofurenceTests.framework */,
			);
			name = Frameworks;
			sourceTree = "<group>";
		};
		2A4A738C931BBD9059F30151 /* Pods */ = {
			isa = PBXGroup;
			children = (
				513BAD2C582D99F2993B8162 /* Pods-Eurofurence.debug.xcconfig */,
				27C948D12455A352D46AF5B6 /* Pods-Eurofurence.release.xcconfig */,
				B4939A463603D9F022E19825 /* Pods-EurofurenceTests.debug.xcconfig */,
				A5BC6AE61AB3CCDF97473815 /* Pods-EurofurenceTests.release.xcconfig */,
			);
			name = Pods;
			sourceTree = "<group>";
		};
		6EF96CC61F0EDAC600EE6134 /* Calendar */ = {
			isa = PBXGroup;
			children = (
				6EF96CD71F0EDC9800EE6134 /* EventKit Adapters */,
				6EF96CC71F0EDAE800EE6134 /* CalendarStore.swift */,
				6EF96CC91F0EDAF800EE6134 /* CalendarPermissionsProviding.swift */,
				6EF96CCB1F0EDB0500EE6134 /* CalendarEvent.swift */,
				6EF96CD01F0EDB4C00EE6134 /* CalendarService.swift */,
			);
			name = Calendar;
			sourceTree = "<group>";
		};
		6EF96CCD1F0EDB1300EE6134 /* Test Doubles */ = {
			isa = PBXGroup;
			children = (
				78C86D5E1F12384C003A20E6 /* Scenes */,
				6EF96CCE1F0EDB2000EE6134 /* CalendarTestDoubles.swift */,
				78455B481F1177AD005BE2D7 /* CapturingTutorialRouter.swift */,
				78455B4A1F1177C0005BE2D7 /* CapturingSplashScreenRouter.swift */,
				78455B4C1F1177CF005BE2D7 /* StubFirstTimeLaunchStateProvider.swift */,
				78C86D591F1234F0003A20E6 /* StubRouters.swift */,
			);
			name = "Test Doubles";
			sourceTree = "<group>";
		};
		6EF96CD71F0EDC9800EE6134 /* EventKit Adapters */ = {
			isa = PBXGroup;
			children = (
				6EF96CD81F0EDCB300EE6134 /* EventKitCalendarPermissionsProviding.swift */,
				6EF96CDC1F0F544B00EE6134 /* EventKitCalendarEvent.swift */,
			);
			name = "EventKit Adapters";
			sourceTree = "<group>";
		};
		78455B3D1F11770C005BE2D7 /* Tutorial */ = {
			isa = PBXGroup;
			children = (
				78455B401F117742005BE2D7 /* UserCompletedTutorialStateProviding.swift */,
				78455B3E1F11771F005BE2D7 /* UserDefaultsTutorialStateProvider.swift */,
				78455B531F117A35005BE2D7 /* TutorialViewController.swift */,
				78455B5A1F117E27005BE2D7 /* TutorialPageViewController.swift */,
				78455B5E1F118578005BE2D7 /* TutorialPageInfo.swift */,
				78455B631F118D11005BE2D7 /* TutorialAction.swift */,
				78C86D511F11A065003A20E6 /* TutorialBlockAction.swift */,
			);
			name = Tutorial;
			path = ../..;
			sourceTree = "<group>";
		};
		78455B431F11777D005BE2D7 /* Routers */ = {
			isa = PBXGroup;
			children = (
				78455B571F117BC0005BE2D7 /* Storyboard */,
				78C86D551F12334D003A20E6 /* Routers.swift */,
				78455B441F11778D005BE2D7 /* TutorialRouter.swift */,
				78455B461F11779D005BE2D7 /* SplashScreenRouter.swift */,
			);
			name = Routers;
			sourceTree = "<group>";
		};
		78455B4E1F117843005BE2D7 /* Presenters */ = {
			isa = PBXGroup;
			children = (
				78C86D611F123895003A20E6 /* Scenes */,
				78455B4F1F117851005BE2D7 /* BootstrappingPresenter.swift */,
			);
			name = Presenters;
			sourceTree = "<group>";
		};
		78455B571F117BC0005BE2D7 /* Storyboard */ = {
			isa = PBXGroup;
			children = (
				78C86D571F12338D003A20E6 /* StoryboardRouters.swift */,
				78455B581F117BCF005BE2D7 /* StoryboardTutorialRouter.swift */,
				78C86D4D1F119B68003A20E6 /* StoryboardSplashScreenRouter.swift */,
			);
			name = Storyboard;
			sourceTree = "<group>";
		};
		78455B601F118685005BE2D7 /* Controls */ = {
			isa = PBXGroup;
			children = (
				78455B611F118699005BE2D7 /* RoundedCornerButton.swift */,
			);
			name = Controls;
			sourceTree = "<group>";
		};
		78C86D5B1F12355C003A20E6 /* Presenter Tests */ = {
			isa = PBXGroup;
			children = (
				78455B391F116A7E005BE2D7 /* WhenTheAppLaunches.swift */,
				78C86D5C1F123686003A20E6 /* WhenTheTutorialAppears.swift */,
			);
			name = "Presenter Tests";
			sourceTree = "<group>";
		};
		78C86D5E1F12384C003A20E6 /* Scenes */ = {
			isa = PBXGroup;
			children = (
				78C86D5F1F123859003A20E6 /* CapturingTutorialScene.swift */,
			);
			name = Scenes;
			sourceTree = "<group>";
		};
		78C86D611F123895003A20E6 /* Scenes */ = {
			isa = PBXGroup;
			children = (
				78C86D621F12389E003A20E6 /* TutorialScene.swift */,
			);
			name = Scenes;
			sourceTree = "<group>";
		};
		78F555971F10D59000BDA7D4 /* Segues */ = {
			isa = PBXGroup;
			children = (
				78F555981F10D5A800BDA7D4 /* ReplaceViewControllersSegue.swift */,
			);
			name = Segues;
			sourceTree = "<group>";
		};
		9A34B97B1ED066B7004A249E /* DependencyResolution */ = {
			isa = PBXGroup;
			children = (
				9A34B97E1ED06946004A249E /* ContextResolver.swift */,
				9A34B9801ED06956004A249E /* ViewModelResolver.swift */,
				D6F3DB1B292BBFBF5D69F557 /* ServiceResolver.swift */,
			);
			path = DependencyResolution;
			sourceTree = "<group>";
		};
		9ACF992B1EBE172D006FC958 = {
			isa = PBXGroup;
			children = (
				9ACF99361EBE172D006FC958 /* Eurofurence */,
				9ACF993E1EBE172D006FC958 /* Assets.xcassets */,
				9ACF99371EBE172D006FC958 /* AppDelegate.swift */,
				9ACF99431EBE172D006FC958 /* Info.plist */,
				78CA0D0E1F0E57D5006DFD64 /* GoogleService-Info.plist */,
				9ACF99751EBE3B4C006FC958 /* SharedFunctions.swift */,
				9ACF994B1EBE172D006FC958 /* EurofurenceTests */,
				9ACF99351EBE172D006FC958 /* Products */,
				2A4A738C931BBD9059F30151 /* Pods */,
				164F3A1C0E53F6ADD4C20674 /* Frameworks */,
				D6F3D21513FCE6CCDC157C6A /* .travis.yml */,
			);
			sourceTree = "<group>";
		};
		9ACF99351EBE172D006FC958 /* Products */ = {
			isa = PBXGroup;
			children = (
				9ACF99341EBE172D006FC958 /* Eurofurence.app */,
				9ACF99481EBE172D006FC958 /* EurofurenceTests.xctest */,
			);
			name = Products;
			sourceTree = "<group>";
		};
		9ACF99361EBE172D006FC958 /* Eurofurence */ = {
			isa = PBXGroup;
			children = (
				9ACF99571EBE32ED006FC958 /* DataModel */,
				9ACF99771EBE4B98006FC958 /* DataStore */,
				9A34B97B1ED066B7004A249E /* DependencyResolution */,
				D6F3D4066A20EACF140E773F /* Helpers */,
				9ACF999B1ECA259C006FC958 /* Resources */,
				D6F3D0327856D0D0294EF5E6 /* Services */,
				9ACF99581EBE32F3006FC958 /* ViewModel */,
				9ACF99591EBE32FE006FC958 /* Views */,
			);
			path = Eurofurence;
			sourceTree = "<group>";
		};
		9ACF994B1EBE172D006FC958 /* EurofurenceTests */ = {
			isa = PBXGroup;
			children = (
				78C86D5B1F12355C003A20E6 /* Presenter Tests */,
				6EF96CCD1F0EDB1300EE6134 /* Test Doubles */,
				9ACF994E1EBE172D006FC958 /* Info.plist */,
				78CA0D051F0D0CE7006DFD64 /* ApplicationInfoPropertyListShould.swift */,
				78CA0D0C1F0D8261006DFD64 /* CalendarServiceTests.swift */,
				6EF96CDA1F0EE0A100EE6134 /* EventKitCalendarEventTests.swift */,
				78455B3B1F116E24005BE2D7 /* UserDefaultsTutorialStateProvider.swift */,
				78455B511F1179F4005BE2D7 /* StoryboardTutorialRouterTests.swift */,
				78455B5C1F1182B7005BE2D7 /* TutorialPageViewControllerTests.swift */,
				78C86D4B1F119B2F003A20E6 /* StoryboardSplashScreenRouterTests.swift */,
				78C86D4F1F119F2A003A20E6 /* TutorialBlockActionTests.swift */,
				78C86D531F1228B0003A20E6 /* TutorialViewControllerTests.swift */,
			);
			path = EurofurenceTests;
			sourceTree = "<group>";
		};
		9ACF99571EBE32ED006FC958 /* DataModel */ = {
			isa = PBXGroup;
			children = (
				9ACF99801EC857B0006FC958 /* Abstractions */,
				9ACF997F1EC75B81006FC958 /* Api */,
				9ACF995C1EBE3479006FC958 /* EntityBase.swift */,
				9A34B9771ECF6E3B004A249E /* Iso8601DateFormatter.swift */,
			);
			path = DataModel;
			sourceTree = "<group>";
		};
		9ACF99581EBE32F3006FC958 /* ViewModel */ = {
			isa = PBXGroup;
			children = (
				D6F3DD1B5AE618FC0076FA4D /* AnnouncementsViewModel.swift */,
				D6F3DDB3580D567F21C9B273 /* CurrentEventsViewModel.swift */,
				9AB64BC81EFE6592004E8D91 /* EventsViewModel.swift */,
				9AB83B0B1F0EB47A001823B1 /* MapViewModel.swift */,
			);
			path = ViewModel;
			sourceTree = "<group>";
		};
		9ACF99591EBE32FE006FC958 /* Views */ = {
			isa = PBXGroup;
			children = (
				78455B601F118685005BE2D7 /* Controls */,
				78455B4E1F117843005BE2D7 /* Presenters */,
				78455B431F11777D005BE2D7 /* Routers */,
				78F555971F10D59000BDA7D4 /* Segues */,
				9AF159E91EF5B3AE00DB287D /* Cells */,
				D6F3DE4616D9A2E243387004 /* Controllers */,
				9ACF99401EBE172D006FC958 /* LaunchScreen.storyboard */,
				D6F3D756F99A68B2DC5B7359 /* Main.storyboard */,
				78455B551F117B24005BE2D7 /* Tutorial.storyboard */,
			);
			path = Views;
			sourceTree = "<group>";
		};
		9ACF99771EBE4B98006FC958 /* DataStore */ = {
			isa = PBXGroup;
			children = (
				9ACF997E1EC75447006FC958 /* Abstractions */,
				9A34B9791ECF87B1004A249E /* ContextManager.swift */,
				D6F3D8101460A96C0D9A7612 /* DataStoreResult.swift */,
				9A34B9861ED08C7E004A249E /* JsonDataStore.swift */,
				9A0525461ECB091900578798 /* MockApiConnection.swift */,
				9A8477971ED99EDE00F0DF3F /* NavigationResolver.swift */,
				9A34B9881ED35FE0004A249E /* ReactiveDataContext.swift */,
				9A0525441ECB090700578798 /* WebApiConnection.swift */,
				78567B3C1F100BAF00EBA31D /* DataStoreRefreshController.swift */,
				78567B461F10D1C400EBA31D /* DataStoreLoadController.swift */,
			);
			path = DataStore;
			sourceTree = "<group>";
		};
		9ACF997E1EC75447006FC958 /* Abstractions */ = {
			isa = PBXGroup;
			children = (
				9A0525481ECB097500578798 /* ApiConnectionProtocol.swift */,
				9A0525491ECB097500578798 /* DataStoreProtocol.swift */,
				9A05254A1ECB097500578798 /* DataContextProtocol.swift */,
				9A34B9841ED089BB004A249E /* NavigationResolverProtocol.swift */,
			);
			path = Abstractions;
			sourceTree = "<group>";
		};
		9ACF997F1EC75B81006FC958 /* Api */ = {
			isa = PBXGroup;
			children = (
				9ACF99831EC858B2006FC958 /* Announcement.swift */,
				9ACF99871EC858B2006FC958 /* Dealer.swift */,
				9ACF99821EC858B2006FC958 /* Event.swift */,
				9ACF99861EC858B2006FC958 /* EventConferenceDay.swift */,
				9ACF99891EC858B2006FC958 /* EventConferenceRoom.swift */,
				9ACF998A1EC858B2006FC958 /* EventConferenceTrack.swift */,
				9ACF99851EC858B2006FC958 /* Image.swift */,
				9ACF99841EC858B2006FC958 /* KnowledgeEntry.swift */,
				9ACF99811EC858B2006FC958 /* KnowledgeGroup.swift */,
				9ACF99881EC858B2006FC958 /* LinkFragment.swift */,
				9ACF998B1EC858B2006FC958 /* Map.swift */,
				9ACF998C1EC858B2006FC958 /* MapEntry.swift */,
				9A0525401ECA2AF500578798 /* Sync.swift */,
				9A0525421ECA2C5A00578798 /* SyncEntityDelta.swift */,
			);
			path = Api;
			sourceTree = "<group>";
		};
		9ACF99801EC857B0006FC958 /* Abstractions */ = {
			isa = PBXGroup;
			children = (
			);
			path = Abstractions;
			sourceTree = "<group>";
		};
		9ACF999B1ECA259C006FC958 /* Resources */ = {
			isa = PBXGroup;
			children = (
				9AB64BCE1F02665D004E8D91 /* fontawesome-webfont.ttf */,
				9ACF999C1ECA25E1006FC958 /* Sync.mock.json */,
			);
			path = Resources;
			sourceTree = "<group>";
		};
		9AF159E91EF5B3AE00DB287D /* Cells */ = {
			isa = PBXGroup;
			children = (
				D6F3DEF39B7EA2ED63CA72D7 /* AnnouncementCell.swift */,
				D6F3D15DBA1AA6254F83C20A /* DealersTableViewCell.swift */,
				D6F3D20D882CACF3DC8F7C8F /* EventCell.swift */,
				D6F3DE9723F934424C183CD4 /* EventHeaderCellTableViewCell.swift */,
				9AB64BCC1F018365004E8D91 /* KnowledgeEntryCell.swift */,
				9AB64BCA1F018135004E8D91 /* KnowledgeGroupCell.swift */,
				D6F3D7AF46BAD0F1F9918A76 /* MenuTableViewCell.swift */,
				D6F3D1F6D5BD062AF11A5804 /* NewsHeaderTableViewCell.swift */,
				9AF159EC1EF5BE7F00DB287D /* SimpleEventCell.swift */,
				D6F3D694C5DA66BE24929466 /* TimeLabelCell.swift */,
			);
			path = Cells;
			sourceTree = "<group>";
		};
		D6F3D0327856D0D0294EF5E6 /* Services */ = {
			isa = PBXGroup;
			children = (
				D6F3D99887787EEDAC891182 /* Abstractions */,
				6EF96CC61F0EDAC600EE6134 /* Calendar */,
				D6F3DC7147FE454A5FAA2EA4 /* TimeService.swift */,
				D6F3D1CE9C98163AA2B6DF7D /* ImageService.swift */,
			);
			path = Services;
			sourceTree = "<group>";
		};
		D6F3D4066A20EACF140E773F /* Helpers */ = {
			isa = PBXGroup;
			children = (
				9A7FFD561EFC5B46007ABA36 /* CalendarAccess.swift */,
				D6F3D3FF0CFC133874118590 /* CountryAlpha3Converter.swift */,
				D6F3D46D42184018C6E237CD /* RoutingAppChooser.swift */,
				9AF0B4FD1F08459D000AAA0A /* TimeIntervalRow.swift */,
				9A7FFD521EF97CD4007ABA36 /* UserSettings.swift */,
				D6F3D49E9A7962D15CE8C3EF /* WikiText.swift */,
			);
			path = Helpers;
			sourceTree = "<group>";
		};
		D6F3D99887787EEDAC891182 /* Abstractions */ = {
			isa = PBXGroup;
			children = (
				D6F3D64B03CB7EFAF70CC756 /* ImageServiceProtocol.swift */,
			);
			path = Abstractions;
			sourceTree = "<group>";
		};
		D6F3DE4616D9A2E243387004 /* Controllers */ = {
			isa = PBXGroup;
			children = (
				78455B3D1F11770C005BE2D7 /* Tutorial */,
				D6F3D0A32DC83843688B347C /* AboutViewController.swift */,
				D6F3D4F55CFC5A5BDBB3F1A8 /* DealerTableViewController.swift */,
				D6F3D66312CF86A43D699F2C /* DealerViewController.swift */,
				D6F3D831FC85BC47C1D346C1 /* EventTableViewController.swift */,
				D6F3DFA70EA419105E0019F3 /* EventViewController.swift */,
				D6F3DB48EF811D49364AFB9D /* KnowledgeEntryViewController.swift */,
				D6F3DD137095A2765149B6DE /* KnowledgeTableViewController.swift */,
				9A7FFD541EFC5A9E007ABA36 /* MapViewController.swift */,
				D6F3DF71A249A0F1DE8D51FB /* NewsTableViewController.swift */,
				D6F3DF8454D3F83FD7294CD0 /* NewsViewController.swift */,
				D6F3D3312E7C5B416B722B85 /* SettingsTableViewController.swift */,
				78567B3E1F1016B000EBA31D /* TabViewController.swift */,
				78567B401F10212100EBA31D /* ProgressViewRefreshDelegate.swift */,
				78567B421F10303600EBA31D /* ApplicationActivityIndicatorRefreshDelegate.swift */,
				78567B441F103C3800EBA31D /* RefreshControlDataStoreDelegate.swift */,
				78F5559A1F10D65900BDA7D4 /* SplashViewController.swift */,
			);
			path = Controllers;
			sourceTree = "<group>";
		};
/* End PBXGroup section */

/* Begin PBXNativeTarget section */
		9ACF99331EBE172D006FC958 /* Eurofurence */ = {
			isa = PBXNativeTarget;
			buildConfigurationList = 9ACF99511EBE172D006FC958 /* Build configuration list for PBXNativeTarget "Eurofurence" */;
			buildPhases = (
				AB8BAC5DE2C718F04F373F4A /* [CP] Check Pods Manifest.lock */,
				78CA0D0B1F0D7D81006DFD64 /* Swiftlint */,
				9ACF99301EBE172D006FC958 /* Sources */,
				9ACF99311EBE172D006FC958 /* Frameworks */,
				9ACF99321EBE172D006FC958 /* Resources */,
				AD43207D87B13D6AADFF543F /* [CP] Embed Pods Frameworks */,
				ADF6132ECB7A0047F93FE8DD /* [CP] Copy Pods Resources */,
			);
			buildRules = (
			);
			dependencies = (
			);
			name = Eurofurence;
			productName = Eurofurence;
			productReference = 9ACF99341EBE172D006FC958 /* Eurofurence.app */;
			productType = "com.apple.product-type.application";
		};
		9ACF99471EBE172D006FC958 /* EurofurenceTests */ = {
			isa = PBXNativeTarget;
			buildConfigurationList = 9ACF99541EBE172D006FC958 /* Build configuration list for PBXNativeTarget "EurofurenceTests" */;
			buildPhases = (
				C7E1F661EF44B237C2B087D7 /* [CP] Check Pods Manifest.lock */,
				9ACF99441EBE172D006FC958 /* Sources */,
				9ACF99451EBE172D006FC958 /* Frameworks */,
				9ACF99461EBE172D006FC958 /* Resources */,
				BDC90942719266E31144DD55 /* [CP] Embed Pods Frameworks */,
				46436FF0A5D09F5B6924508F /* [CP] Copy Pods Resources */,
			);
			buildRules = (
			);
			dependencies = (
				9ACF994A1EBE172D006FC958 /* PBXTargetDependency */,
			);
			name = EurofurenceTests;
			productName = EurofurenceTests;
			productReference = 9ACF99481EBE172D006FC958 /* EurofurenceTests.xctest */;
			productType = "com.apple.product-type.bundle.unit-test";
		};
/* End PBXNativeTarget section */

/* Begin PBXProject section */
		9ACF992C1EBE172D006FC958 /* Project object */ = {
			isa = PBXProject;
			attributes = {
				LastSwiftUpdateCheck = 0830;
				LastUpgradeCheck = 0830;
				ORGANIZATIONNAME = Eurofurence;
				TargetAttributes = {
					9ACF99331EBE172D006FC958 = {
						CreatedOnToolsVersion = 8.3.2;
						DevelopmentTeam = 557SGQG5H4;
						ProvisioningStyle = Automatic;
					};
					9ACF99471EBE172D006FC958 = {
						CreatedOnToolsVersion = 8.3.2;
						DevelopmentTeam = 557SGQG5H4;
						ProvisioningStyle = Automatic;
						TestTargetID = 9ACF99331EBE172D006FC958;
					};
				};
			};
			buildConfigurationList = 9ACF992F1EBE172D006FC958 /* Build configuration list for PBXProject "Eurofurence" */;
			compatibilityVersion = "Xcode 3.2";
			developmentRegion = English;
			hasScannedForEncodings = 0;
			knownRegions = (
				en,
				Base,
			);
			mainGroup = 9ACF992B1EBE172D006FC958;
			productRefGroup = 9ACF99351EBE172D006FC958 /* Products */;
			projectDirPath = "";
			projectRoot = "";
			targets = (
				9ACF99331EBE172D006FC958 /* Eurofurence */,
				9ACF99471EBE172D006FC958 /* EurofurenceTests */,
			);
		};
/* End PBXProject section */

/* Begin PBXResourcesBuildPhase section */
		9ACF99321EBE172D006FC958 /* Resources */ = {
			isa = PBXResourcesBuildPhase;
			buildActionMask = 2147483647;
			files = (
				9AB64BCF1F0272A5004E8D91 /* fontawesome-webfont.ttf in Resources */,
				78455B561F117B24005BE2D7 /* Tutorial.storyboard in Resources */,
				78CA0D0F1F0E57D5006DFD64 /* GoogleService-Info.plist in Resources */,
				9ACF99421EBE172D006FC958 /* LaunchScreen.storyboard in Resources */,
				9ACF993F1EBE172D006FC958 /* Assets.xcassets in Resources */,
				9ACF999D1ECA25E1006FC958 /* Sync.mock.json in Resources */,
				D6F3D13186949132FE4694AD /* Main.storyboard in Resources */,
			);
			runOnlyForDeploymentPostprocessing = 0;
		};
		9ACF99461EBE172D006FC958 /* Resources */ = {
			isa = PBXResourcesBuildPhase;
			buildActionMask = 2147483647;
			files = (
			);
			runOnlyForDeploymentPostprocessing = 0;
		};
/* End PBXResourcesBuildPhase section */

/* Begin PBXShellScriptBuildPhase section */
		46436FF0A5D09F5B6924508F /* [CP] Copy Pods Resources */ = {
			isa = PBXShellScriptBuildPhase;
			buildActionMask = 2147483647;
			files = (
			);
			inputPaths = (
			);
			name = "[CP] Copy Pods Resources";
			outputPaths = (
			);
			runOnlyForDeploymentPostprocessing = 0;
			shellPath = /bin/sh;
			shellScript = "\"${SRCROOT}/Pods/Target Support Files/Pods-EurofurenceTests/Pods-EurofurenceTests-resources.sh\"\n";
			showEnvVarsInLog = 0;
		};
		78CA0D0B1F0D7D81006DFD64 /* Swiftlint */ = {
			isa = PBXShellScriptBuildPhase;
			buildActionMask = 2147483647;
			files = (
			);
			inputPaths = (
			);
			name = Swiftlint;
			outputPaths = (
			);
			runOnlyForDeploymentPostprocessing = 0;
			shellPath = /bin/sh;
			shellScript = "if [ -f \"${PODS_ROOT}/SwiftLint/swiftlint\" ]; then\n    cd Eurofurence\n    \"${PODS_ROOT}/SwiftLint/swiftlint\" autocorrect\n    cd ..\nelse\n    echo \"warning: SwiftLint pod not installed, please run pod install in the root directory of the project!\"\nfi";
		};
		AB8BAC5DE2C718F04F373F4A /* [CP] Check Pods Manifest.lock */ = {
			isa = PBXShellScriptBuildPhase;
			buildActionMask = 2147483647;
			files = (
			);
			inputPaths = (
				"${PODS_PODFILE_DIR_PATH}/Podfile.lock",
				"${PODS_ROOT}/Manifest.lock",
			);
			name = "[CP] Check Pods Manifest.lock";
			outputPaths = (
				"$(DERIVED_FILE_DIR)/Pods-Eurofurence-checkManifestLockResult.txt",
			);
			runOnlyForDeploymentPostprocessing = 0;
			shellPath = /bin/sh;
			shellScript = "diff \"${PODS_PODFILE_DIR_PATH}/Podfile.lock\" \"${PODS_ROOT}/Manifest.lock\" > /dev/null\nif [ $? != 0 ] ; then\n    # print error to STDERR\n    echo \"error: The sandbox is not in sync with the Podfile.lock. Run 'pod install' or update your CocoaPods installation.\" >&2\n    exit 1\nfi\n# This output is used by Xcode 'outputs' to avoid re-running this script phase.\necho \"SUCCESS\" > \"${SCRIPT_OUTPUT_FILE_0}\"\n";
			showEnvVarsInLog = 0;
		};
		AD43207D87B13D6AADFF543F /* [CP] Embed Pods Frameworks */ = {
			isa = PBXShellScriptBuildPhase;
			buildActionMask = 2147483647;
			files = (
			);
			inputPaths = (
				"${SRCROOT}/Pods/Target Support Files/Pods-Eurofurence/Pods-Eurofurence-frameworks.sh",
				"${BUILT_PRODUCTS_DIR}/Alamofire/Alamofire.framework",
				"${BUILT_PRODUCTS_DIR}/AlamofireImage/AlamofireImage.framework",
				"${BUILT_PRODUCTS_DIR}/Changeset/Changeset.framework",
				"${BUILT_PRODUCTS_DIR}/Dip/Dip.framework",
				"${BUILT_PRODUCTS_DIR}/Dip-UI/Dip_UI.framework",
				"${BUILT_PRODUCTS_DIR}/EVReflection/EVReflection.framework",
				"${BUILT_PRODUCTS_DIR}/Eureka/Eureka.framework",
				"${BUILT_PRODUCTS_DIR}/GoogleToolboxForMac/GoogleToolboxForMac.framework",
				"${BUILT_PRODUCTS_DIR}/Protobuf/Protobuf.framework",
				"${BUILT_PRODUCTS_DIR}/ReachabilitySwift/ReachabilitySwift.framework",
				"${BUILT_PRODUCTS_DIR}/ReactiveCocoa/ReactiveCocoa.framework",
				"${BUILT_PRODUCTS_DIR}/ReactiveSwift/ReactiveSwift.framework",
				"${BUILT_PRODUCTS_DIR}/Result/Result.framework",
			);
			name = "[CP] Embed Pods Frameworks";
			outputPaths = (
				"${TARGET_BUILD_DIR}/${FRAMEWORKS_FOLDER_PATH}/Alamofire.framework",
				"${TARGET_BUILD_DIR}/${FRAMEWORKS_FOLDER_PATH}/AlamofireImage.framework",
				"${TARGET_BUILD_DIR}/${FRAMEWORKS_FOLDER_PATH}/Changeset.framework",
				"${TARGET_BUILD_DIR}/${FRAMEWORKS_FOLDER_PATH}/Dip.framework",
				"${TARGET_BUILD_DIR}/${FRAMEWORKS_FOLDER_PATH}/Dip_UI.framework",
				"${TARGET_BUILD_DIR}/${FRAMEWORKS_FOLDER_PATH}/EVReflection.framework",
				"${TARGET_BUILD_DIR}/${FRAMEWORKS_FOLDER_PATH}/Eureka.framework",
				"${TARGET_BUILD_DIR}/${FRAMEWORKS_FOLDER_PATH}/GoogleToolboxForMac.framework",
				"${TARGET_BUILD_DIR}/${FRAMEWORKS_FOLDER_PATH}/Protobuf.framework",
				"${TARGET_BUILD_DIR}/${FRAMEWORKS_FOLDER_PATH}/ReachabilitySwift.framework",
				"${TARGET_BUILD_DIR}/${FRAMEWORKS_FOLDER_PATH}/ReactiveCocoa.framework",
				"${TARGET_BUILD_DIR}/${FRAMEWORKS_FOLDER_PATH}/ReactiveSwift.framework",
				"${TARGET_BUILD_DIR}/${FRAMEWORKS_FOLDER_PATH}/Result.framework",
			);
			runOnlyForDeploymentPostprocessing = 0;
			shellPath = /bin/sh;
			shellScript = "\"${SRCROOT}/Pods/Target Support Files/Pods-Eurofurence/Pods-Eurofurence-frameworks.sh\"\n";
			showEnvVarsInLog = 0;
		};
		ADF6132ECB7A0047F93FE8DD /* [CP] Copy Pods Resources */ = {
			isa = PBXShellScriptBuildPhase;
			buildActionMask = 2147483647;
			files = (
			);
			inputPaths = (
			);
			name = "[CP] Copy Pods Resources";
			outputPaths = (
			);
			runOnlyForDeploymentPostprocessing = 0;
			shellPath = /bin/sh;
			shellScript = "\"${SRCROOT}/Pods/Target Support Files/Pods-Eurofurence/Pods-Eurofurence-resources.sh\"\n";
			showEnvVarsInLog = 0;
		};
		BDC90942719266E31144DD55 /* [CP] Embed Pods Frameworks */ = {
			isa = PBXShellScriptBuildPhase;
			buildActionMask = 2147483647;
			files = (
			);
			inputPaths = (
				"${SRCROOT}/Pods/Target Support Files/Pods-EurofurenceTests/Pods-EurofurenceTests-frameworks.sh",
				"${BUILT_PRODUCTS_DIR}/GoogleToolboxForMac/GoogleToolboxForMac.framework",
				"${BUILT_PRODUCTS_DIR}/Protobuf/Protobuf.framework",
			);
			name = "[CP] Embed Pods Frameworks";
			outputPaths = (
				"${TARGET_BUILD_DIR}/${FRAMEWORKS_FOLDER_PATH}/GoogleToolboxForMac.framework",
				"${TARGET_BUILD_DIR}/${FRAMEWORKS_FOLDER_PATH}/Protobuf.framework",
			);
			runOnlyForDeploymentPostprocessing = 0;
			shellPath = /bin/sh;
			shellScript = "\"${SRCROOT}/Pods/Target Support Files/Pods-EurofurenceTests/Pods-EurofurenceTests-frameworks.sh\"\n";
			showEnvVarsInLog = 0;
		};
		C7E1F661EF44B237C2B087D7 /* [CP] Check Pods Manifest.lock */ = {
			isa = PBXShellScriptBuildPhase;
			buildActionMask = 2147483647;
			files = (
			);
			inputPaths = (
				"${PODS_PODFILE_DIR_PATH}/Podfile.lock",
				"${PODS_ROOT}/Manifest.lock",
			);
			name = "[CP] Check Pods Manifest.lock";
			outputPaths = (
				"$(DERIVED_FILE_DIR)/Pods-EurofurenceTests-checkManifestLockResult.txt",
			);
			runOnlyForDeploymentPostprocessing = 0;
			shellPath = /bin/sh;
			shellScript = "diff \"${PODS_PODFILE_DIR_PATH}/Podfile.lock\" \"${PODS_ROOT}/Manifest.lock\" > /dev/null\nif [ $? != 0 ] ; then\n    # print error to STDERR\n    echo \"error: The sandbox is not in sync with the Podfile.lock. Run 'pod install' or update your CocoaPods installation.\" >&2\n    exit 1\nfi\n# This output is used by Xcode 'outputs' to avoid re-running this script phase.\necho \"SUCCESS\" > \"${SCRIPT_OUTPUT_FILE_0}\"\n";
			showEnvVarsInLog = 0;
		};
/* End PBXShellScriptBuildPhase section */

/* Begin PBXSourcesBuildPhase section */
		9ACF99301EBE172D006FC958 /* Sources */ = {
			isa = PBXSourcesBuildPhase;
			buildActionMask = 2147483647;
			files = (
				9A7FFD571EFC5B46007ABA36 /* CalendarAccess.swift in Sources */,
				6EF96CCC1F0EDB0500EE6134 /* CalendarEvent.swift in Sources */,
				9ACF99761EBE3B4C006FC958 /* SharedFunctions.swift in Sources */,
				9A34B97A1ECF87B2004A249E /* ContextManager.swift in Sources */,
				9AB64BC91EFE6592004E8D91 /* EventsViewModel.swift in Sources */,
				9ACF99961EC858B2006FC958 /* EventConferenceTrack.swift in Sources */,
				9ACF99911EC858B2006FC958 /* Image.swift in Sources */,
				9ACF99931EC858B2006FC958 /* Dealer.swift in Sources */,
				9A05254B1ECB097500578798 /* ApiConnectionProtocol.swift in Sources */,
				9A34B9891ED35FE0004A249E /* ReactiveDataContext.swift in Sources */,
				9A05254D1ECB097500578798 /* DataContextProtocol.swift in Sources */,
				9A34B97F1ED06946004A249E /* ContextResolver.swift in Sources */,
				6EF96CC81F0EDAE800EE6134 /* CalendarStore.swift in Sources */,
				9ACF998E1EC858B2006FC958 /* Event.swift in Sources */,
				9ACF99681EBE3479006FC958 /* EntityBase.swift in Sources */,
				78567B3D1F100BAF00EBA31D /* DataStoreRefreshController.swift in Sources */,
				78C86D631F12389E003A20E6 /* TutorialScene.swift in Sources */,
				9A05254C1ECB097500578798 /* DataStoreProtocol.swift in Sources */,
				9A34B9781ECF6E3B004A249E /* Iso8601DateFormatter.swift in Sources */,
				9A0525431ECA2C5A00578798 /* SyncEntityDelta.swift in Sources */,
				78455B3F1F11771F005BE2D7 /* UserDefaultsTutorialStateProvider.swift in Sources */,
				9A0525451ECB090700578798 /* WebApiConnection.swift in Sources */,
				9A8477981ED99EDE00F0DF3F /* NavigationResolver.swift in Sources */,
				9ACF99921EC858B2006FC958 /* EventConferenceDay.swift in Sources */,
				9ACF998D1EC858B2006FC958 /* KnowledgeGroup.swift in Sources */,
				78C86D561F12334D003A20E6 /* Routers.swift in Sources */,
				78455B591F117BCF005BE2D7 /* StoryboardTutorialRouter.swift in Sources */,
				9A34B9851ED089BB004A249E /* NavigationResolverProtocol.swift in Sources */,
				78567B411F10212100EBA31D /* ProgressViewRefreshDelegate.swift in Sources */,
				9A0525471ECB091900578798 /* MockApiConnection.swift in Sources */,
				9A34B9871ED08C7E004A249E /* JsonDataStore.swift in Sources */,
				9A0525411ECA2AF500578798 /* Sync.swift in Sources */,
				9A34B9811ED06956004A249E /* ViewModelResolver.swift in Sources */,
				78455B541F117A35005BE2D7 /* TutorialViewController.swift in Sources */,
				9ACF99941EC858B2006FC958 /* LinkFragment.swift in Sources */,
				6EF96CDD1F0F544B00EE6134 /* EventKitCalendarEvent.swift in Sources */,
				6EF96CD91F0EDCB300EE6134 /* EventKitCalendarPermissionsProviding.swift in Sources */,
				78C86D581F12338D003A20E6 /* StoryboardRouters.swift in Sources */,
				9ACF99951EC858B2006FC958 /* EventConferenceRoom.swift in Sources */,
				78455B451F11778D005BE2D7 /* TutorialRouter.swift in Sources */,
				9ACF99901EC858B2006FC958 /* KnowledgeEntry.swift in Sources */,
				9AF0B4FE1F08459D000AAA0A /* TimeIntervalRow.swift in Sources */,
				9AF159ED1EF5BE7F00DB287D /* SimpleEventCell.swift in Sources */,
				9ACF998F1EC858B2006FC958 /* Announcement.swift in Sources */,
				6EF96CD11F0EDB4C00EE6134 /* CalendarService.swift in Sources */,
				9ACF99971EC858B2006FC958 /* Map.swift in Sources */,
				78567B3F1F1016B000EBA31D /* TabViewController.swift in Sources */,
				9ACF99981EC858B2006FC958 /* MapEntry.swift in Sources */,
				9ACF99381EBE172D006FC958 /* AppDelegate.swift in Sources */,
				D6F3D6ADD1B889C901EE841A /* DataStoreResult.swift in Sources */,
				9A7FFD531EF97CD4007ABA36 /* UserSettings.swift in Sources */,
				78455B621F118699005BE2D7 /* RoundedCornerButton.swift in Sources */,
				D6F3D5CDFE398DB6CDBDBC77 /* AnnouncementsViewModel.swift in Sources */,
				78455B471F11779D005BE2D7 /* SplashScreenRouter.swift in Sources */,
				D6F3DD6B0659E1A44E01075B /* CurrentEventsViewModel.swift in Sources */,
				9AB64BCD1F018365004E8D91 /* KnowledgeEntryCell.swift in Sources */,
				D6F3DFB53E62A8C16F211819 /* TimeService.swift in Sources */,
				78567B431F10303600EBA31D /* ApplicationActivityIndicatorRefreshDelegate.swift in Sources */,
				D6F3D4C7FF8BB27C46EF4D3D /* ServiceResolver.swift in Sources */,
				9AB64BCB1F018135004E8D91 /* KnowledgeGroupCell.swift in Sources */,
				D6F3D7A4B9F91A234AF77285 /* RoutingAppChooser.swift in Sources */,
				D6F3DB838A1BDAFC6DAC2F61 /* CountryAlpha3Converter.swift in Sources */,
				D6F3DEDDAFE507E873CB3806 /* WikiText.swift in Sources */,
				D6F3D523BDCDDA3A2A163E55 /* TimeLabelCell.swift in Sources */,
				78455B5F1F118578005BE2D7 /* TutorialPageInfo.swift in Sources */,
				78567B451F103C3800EBA31D /* RefreshControlDataStoreDelegate.swift in Sources */,
				78455B411F117742005BE2D7 /* UserCompletedTutorialStateProviding.swift in Sources */,
				78455B5B1F117E27005BE2D7 /* TutorialPageViewController.swift in Sources */,
				78455B501F117851005BE2D7 /* BootstrappingPresenter.swift in Sources */,
				D6F3D620BA994A6570325C66 /* DealersTableViewCell.swift in Sources */,
				D6F3DDCB5EF23B138BD25865 /* EventHeaderCellTableViewCell.swift in Sources */,
				78455B641F118D11005BE2D7 /* TutorialAction.swift in Sources */,
				D6F3DBB69290DF1E0448A3CC /* EventCell.swift in Sources */,
				D6F3D13A59E359E69EA66D7E /* MenuTableViewCell.swift in Sources */,
				78C86D521F11A065003A20E6 /* TutorialBlockAction.swift in Sources */,
				D6F3D01BC5E1E9E409955664 /* NewsHeaderTableViewCell.swift in Sources */,
				D6F3D275FF81A313B9213277 /* AnnouncementCell.swift in Sources */,
				D6F3DAD590C051C8D0060172 /* EventViewController.swift in Sources */,
				D6F3D62A784F07D9C7A84DC8 /* KnowledgeEntryViewController.swift in Sources */,
				78F555991F10D5A800BDA7D4 /* ReplaceViewControllersSegue.swift in Sources */,
				D6F3D2440B74E17B9A008DE0 /* NewsViewController.swift in Sources */,
				D6F3D3D11CAB2B06852D0EF9 /* DealerTableViewController.swift in Sources */,
				9AB83B0C1F0EB47A001823B1 /* MapViewModel.swift in Sources */,
				6EF96CCA1F0EDAF800EE6134 /* CalendarPermissionsProviding.swift in Sources */,
				78C86D4E1F119B68003A20E6 /* StoryboardSplashScreenRouter.swift in Sources */,
				9A7FFD551EFC5A9E007ABA36 /* MapViewController.swift in Sources */,
				D6F3D339BFBA2C299453B6BA /* SettingsTableViewController.swift in Sources */,
				D6F3D40D3515E7ABE9565906 /* AboutViewController.swift in Sources */,
				D6F3DEED2F3250C61DB692D9 /* DealerViewController.swift in Sources */,
				D6F3D2C86BE68A102D2D6312 /* EventTableViewController.swift in Sources */,
				D6F3D204D352FE26C3F90906 /* KnowledgeTableViewController.swift in Sources */,
				78567B471F10D1C400EBA31D /* DataStoreLoadController.swift in Sources */,
				D6F3DF2779D7CE09AA5507F9 /* NewsTableViewController.swift in Sources */,
				D6F3D0434C71907BD410190E /* ImageServiceProtocol.swift in Sources */,
				D6F3D749FF814981E076850E /* ImageService.swift in Sources */,
				78F5559B1F10D65900BDA7D4 /* SplashViewController.swift in Sources */,
			);
			runOnlyForDeploymentPostprocessing = 0;
		};
		9ACF99441EBE172D006FC958 /* Sources */ = {
			isa = PBXSourcesBuildPhase;
			buildActionMask = 2147483647;
			files = (
				78C86D541F1228B0003A20E6 /* TutorialViewControllerTests.swift in Sources */,
				78455B3A1F116A7E005BE2D7 /* WhenTheAppLaunches.swift in Sources */,
				78455B491F1177AD005BE2D7 /* CapturingTutorialRouter.swift in Sources */,
				6EF96CDB1F0EE0A100EE6134 /* EventKitCalendarEventTests.swift in Sources */,
				78455B521F1179F4005BE2D7 /* StoryboardTutorialRouterTests.swift in Sources */,
				78C86D601F123859003A20E6 /* CapturingTutorialScene.swift in Sources */,
				78C86D4C1F119B2F003A20E6 /* StoryboardSplashScreenRouterTests.swift in Sources */,
				78455B3C1F116E24005BE2D7 /* UserDefaultsTutorialStateProvider.swift in Sources */,
				78455B5D1F1182B7005BE2D7 /* TutorialPageViewControllerTests.swift in Sources */,
				78CA0D0D1F0D8261006DFD64 /* CalendarServiceTests.swift in Sources */,
				78CA0D061F0D0CE7006DFD64 /* ApplicationInfoPropertyListShould.swift in Sources */,
				78C86D5D1F123686003A20E6 /* WhenTheTutorialAppears.swift in Sources */,
				6EF96CCF1F0EDB2000EE6134 /* CalendarTestDoubles.swift in Sources */,
				78455B4D1F1177CF005BE2D7 /* StubFirstTimeLaunchStateProvider.swift in Sources */,
				78C86D501F119F2A003A20E6 /* TutorialBlockActionTests.swift in Sources */,
				78C86D5A1F1234F0003A20E6 /* StubRouters.swift in Sources */,
				78455B4B1F1177C0005BE2D7 /* CapturingSplashScreenRouter.swift in Sources */,
			);
			runOnlyForDeploymentPostprocessing = 0;
		};
/* End PBXSourcesBuildPhase section */

/* Begin PBXTargetDependency section */
		9ACF994A1EBE172D006FC958 /* PBXTargetDependency */ = {
			isa = PBXTargetDependency;
			target = 9ACF99331EBE172D006FC958 /* Eurofurence */;
			targetProxy = 9ACF99491EBE172D006FC958 /* PBXContainerItemProxy */;
		};
/* End PBXTargetDependency section */

/* Begin PBXVariantGroup section */
		9ACF99401EBE172D006FC958 /* LaunchScreen.storyboard */ = {
			isa = PBXVariantGroup;
			children = (
				9ACF99411EBE172D006FC958 /* Base */,
			);
			name = LaunchScreen.storyboard;
			path = ..;
			sourceTree = "<group>";
		};
/* End PBXVariantGroup section */

/* Begin XCBuildConfiguration section */
		9ACF994F1EBE172D006FC958 /* Debug */ = {
			isa = XCBuildConfiguration;
			buildSettings = {
				ALWAYS_SEARCH_USER_PATHS = NO;
				CLANG_ANALYZER_NONNULL = YES;
				CLANG_ANALYZER_NUMBER_OBJECT_CONVERSION = YES_AGGRESSIVE;
				CLANG_CXX_LANGUAGE_STANDARD = "gnu++0x";
				CLANG_CXX_LIBRARY = "libc++";
				CLANG_ENABLE_MODULES = YES;
				CLANG_ENABLE_OBJC_ARC = YES;
				CLANG_WARN_BOOL_CONVERSION = YES;
				CLANG_WARN_CONSTANT_CONVERSION = YES;
				CLANG_WARN_DIRECT_OBJC_ISA_USAGE = YES_ERROR;
				CLANG_WARN_DOCUMENTATION_COMMENTS = YES;
				CLANG_WARN_EMPTY_BODY = YES;
				CLANG_WARN_ENUM_CONVERSION = YES;
				CLANG_WARN_INFINITE_RECURSION = YES;
				CLANG_WARN_INT_CONVERSION = YES;
				CLANG_WARN_OBJC_ROOT_CLASS = YES_ERROR;
				CLANG_WARN_SUSPICIOUS_MOVE = YES;
				CLANG_WARN_UNREACHABLE_CODE = YES;
				CLANG_WARN__DUPLICATE_METHOD_MATCH = YES;
				"CODE_SIGN_IDENTITY[sdk=iphoneos*]" = "iPhone Developer";
				COPY_PHASE_STRIP = NO;
				DEBUG_INFORMATION_FORMAT = dwarf;
				ENABLE_STRICT_OBJC_MSGSEND = YES;
				ENABLE_TESTABILITY = YES;
				GCC_C_LANGUAGE_STANDARD = gnu99;
				GCC_DYNAMIC_NO_PIC = NO;
				GCC_NO_COMMON_BLOCKS = YES;
				GCC_OPTIMIZATION_LEVEL = 0;
				GCC_PREPROCESSOR_DEFINITIONS = (
					"DEBUG=1",
					"$(inherited)",
				);
				GCC_WARN_64_TO_32_BIT_CONVERSION = YES;
				GCC_WARN_ABOUT_RETURN_TYPE = YES_ERROR;
				GCC_WARN_UNDECLARED_SELECTOR = YES;
				GCC_WARN_UNINITIALIZED_AUTOS = YES_AGGRESSIVE;
				GCC_WARN_UNUSED_FUNCTION = YES;
				GCC_WARN_UNUSED_VARIABLE = YES;
				IPHONEOS_DEPLOYMENT_TARGET = 9.0;
				MTL_ENABLE_DEBUG_INFO = YES;
				ONLY_ACTIVE_ARCH = YES;
				SDKROOT = iphoneos;
				SWIFT_ACTIVE_COMPILATION_CONDITIONS = DEBUG;
				SWIFT_OPTIMIZATION_LEVEL = "-Onone";
				TARGETED_DEVICE_FAMILY = "1,2";
			};
			name = Debug;
		};
		9ACF99501EBE172D006FC958 /* Release */ = {
			isa = XCBuildConfiguration;
			buildSettings = {
				ALWAYS_SEARCH_USER_PATHS = NO;
				CLANG_ANALYZER_NONNULL = YES;
				CLANG_ANALYZER_NUMBER_OBJECT_CONVERSION = YES_AGGRESSIVE;
				CLANG_CXX_LANGUAGE_STANDARD = "gnu++0x";
				CLANG_CXX_LIBRARY = "libc++";
				CLANG_ENABLE_MODULES = YES;
				CLANG_ENABLE_OBJC_ARC = YES;
				CLANG_WARN_BOOL_CONVERSION = YES;
				CLANG_WARN_CONSTANT_CONVERSION = YES;
				CLANG_WARN_DIRECT_OBJC_ISA_USAGE = YES_ERROR;
				CLANG_WARN_DOCUMENTATION_COMMENTS = YES;
				CLANG_WARN_EMPTY_BODY = YES;
				CLANG_WARN_ENUM_CONVERSION = YES;
				CLANG_WARN_INFINITE_RECURSION = YES;
				CLANG_WARN_INT_CONVERSION = YES;
				CLANG_WARN_OBJC_ROOT_CLASS = YES_ERROR;
				CLANG_WARN_SUSPICIOUS_MOVE = YES;
				CLANG_WARN_UNREACHABLE_CODE = YES;
				CLANG_WARN__DUPLICATE_METHOD_MATCH = YES;
				"CODE_SIGN_IDENTITY[sdk=iphoneos*]" = "iPhone Developer";
				COPY_PHASE_STRIP = NO;
				DEBUG_INFORMATION_FORMAT = "dwarf-with-dsym";
				ENABLE_NS_ASSERTIONS = NO;
				ENABLE_STRICT_OBJC_MSGSEND = YES;
				GCC_C_LANGUAGE_STANDARD = gnu99;
				GCC_NO_COMMON_BLOCKS = YES;
				GCC_WARN_64_TO_32_BIT_CONVERSION = YES;
				GCC_WARN_ABOUT_RETURN_TYPE = YES_ERROR;
				GCC_WARN_UNDECLARED_SELECTOR = YES;
				GCC_WARN_UNINITIALIZED_AUTOS = YES_AGGRESSIVE;
				GCC_WARN_UNUSED_FUNCTION = YES;
				GCC_WARN_UNUSED_VARIABLE = YES;
				IPHONEOS_DEPLOYMENT_TARGET = 9.0;
				MTL_ENABLE_DEBUG_INFO = NO;
				SDKROOT = iphoneos;
				SWIFT_OPTIMIZATION_LEVEL = "-Owholemodule";
				TARGETED_DEVICE_FAMILY = "1,2";
				VALIDATE_PRODUCT = YES;
			};
			name = Release;
		};
		9ACF99521EBE172D006FC958 /* Debug */ = {
			isa = XCBuildConfiguration;
			baseConfigurationReference = 513BAD2C582D99F2993B8162 /* Pods-Eurofurence.debug.xcconfig */;
			buildSettings = {
				ASSETCATALOG_COMPILER_APPICON_NAME = AppIcon;
				DEVELOPMENT_TEAM = 557SGQG5H4;
				INFOPLIST_FILE = Eurofurence/Info.plist;
				LD_RUNPATH_SEARCH_PATHS = "$(inherited) @executable_path/Frameworks";
				OTHER_SWIFT_FLAGS = "$(inherited) -D DEBUG";
				PRODUCT_BUNDLE_IDENTIFIER = org.eurofurence.Eurofurence;
				PRODUCT_NAME = "$(TARGET_NAME)";
				SDKROOT = iphoneos10.3;
				SWIFT_VERSION = 3.0;
			};
			name = Debug;
		};
		9ACF99531EBE172D006FC958 /* Release */ = {
			isa = XCBuildConfiguration;
			baseConfigurationReference = 27C948D12455A352D46AF5B6 /* Pods-Eurofurence.release.xcconfig */;
			buildSettings = {
				ASSETCATALOG_COMPILER_APPICON_NAME = AppIcon;
				DEVELOPMENT_TEAM = 557SGQG5H4;
				INFOPLIST_FILE = Eurofurence/Info.plist;
				LD_RUNPATH_SEARCH_PATHS = "$(inherited) @executable_path/Frameworks";
				PRODUCT_BUNDLE_IDENTIFIER = org.eurofurence.Eurofurence;
				PRODUCT_NAME = "$(TARGET_NAME)";
				SDKROOT = iphoneos10.3;
				SWIFT_VERSION = 3.0;
			};
			name = Release;
		};
		9ACF99551EBE172D006FC958 /* Debug */ = {
			isa = XCBuildConfiguration;
			baseConfigurationReference = B4939A463603D9F022E19825 /* Pods-EurofurenceTests.debug.xcconfig */;
			buildSettings = {
				ALWAYS_EMBED_SWIFT_STANDARD_LIBRARIES = YES;
				BUNDLE_LOADER = "$(TEST_HOST)";
				DEVELOPMENT_TEAM = 557SGQG5H4;
				INFOPLIST_FILE = EurofurenceTests/Info.plist;
				LD_RUNPATH_SEARCH_PATHS = "$(inherited) @executable_path/Frameworks @loader_path/Frameworks";
				PRODUCT_BUNDLE_IDENTIFIER = org.eurofurence.EurofurenceTests;
				PRODUCT_NAME = "$(TARGET_NAME)";
				SWIFT_VERSION = 3.0;
				TEST_HOST = "$(BUILT_PRODUCTS_DIR)/Eurofurence.app/Eurofurence";
			};
			name = Debug;
		};
		9ACF99561EBE172D006FC958 /* Release */ = {
			isa = XCBuildConfiguration;
			baseConfigurationReference = A5BC6AE61AB3CCDF97473815 /* Pods-EurofurenceTests.release.xcconfig */;
			buildSettings = {
				ALWAYS_EMBED_SWIFT_STANDARD_LIBRARIES = YES;
				BUNDLE_LOADER = "$(TEST_HOST)";
				DEVELOPMENT_TEAM = 557SGQG5H4;
				INFOPLIST_FILE = EurofurenceTests/Info.plist;
				LD_RUNPATH_SEARCH_PATHS = "$(inherited) @executable_path/Frameworks @loader_path/Frameworks";
				PRODUCT_BUNDLE_IDENTIFIER = org.eurofurence.EurofurenceTests;
				PRODUCT_NAME = "$(TARGET_NAME)";
				SWIFT_VERSION = 3.0;
				TEST_HOST = "$(BUILT_PRODUCTS_DIR)/Eurofurence.app/Eurofurence";
			};
			name = Release;
		};
/* End XCBuildConfiguration section */

/* Begin XCConfigurationList section */
		9ACF992F1EBE172D006FC958 /* Build configuration list for PBXProject "Eurofurence" */ = {
			isa = XCConfigurationList;
			buildConfigurations = (
				9ACF994F1EBE172D006FC958 /* Debug */,
				9ACF99501EBE172D006FC958 /* Release */,
			);
			defaultConfigurationIsVisible = 0;
			defaultConfigurationName = Release;
		};
		9ACF99511EBE172D006FC958 /* Build configuration list for PBXNativeTarget "Eurofurence" */ = {
			isa = XCConfigurationList;
			buildConfigurations = (
				9ACF99521EBE172D006FC958 /* Debug */,
				9ACF99531EBE172D006FC958 /* Release */,
			);
			defaultConfigurationIsVisible = 0;
			defaultConfigurationName = Release;
		};
		9ACF99541EBE172D006FC958 /* Build configuration list for PBXNativeTarget "EurofurenceTests" */ = {
			isa = XCConfigurationList;
			buildConfigurations = (
				9ACF99551EBE172D006FC958 /* Debug */,
				9ACF99561EBE172D006FC958 /* Release */,
			);
			defaultConfigurationIsVisible = 0;
			defaultConfigurationName = Release;
		};
/* End XCConfigurationList section */
	};
	rootObject = 9ACF992C1EBE172D006FC958 /* Project object */;
}
